// !$*UTF8*$!
{
	archiveVersion = 1;
	classes = {
	};
	objectVersion = 77;
	objects = {

/* Begin PBXBuildFile section */
		613C7BD22E648C5C0043B316 /* ContentView.swift in Sources */ = {isa = PBXBuildFile; fileRef = 613C7BCF2E648C5C0043B316 /* ContentView.swift */; };
		613C7BD32E648C5C0043B316 /* MasterListApp.swift in Sources */ = {isa = PBXBuildFile; fileRef = 613C7BD02E648C5C0043B316 /* MasterListApp.swift */; };
		613C7BD42E648C5C0043B316 /* Assets.xcassets in Resources */ = {isa = PBXBuildFile; fileRef = 613C7BCE2E648C5C0043B316 /* Assets.xcassets */; };
		613C7BD52E648C5C0043B316 /* Assets.xcassets in Resources */ = {isa = PBXBuildFile; fileRef = 613C7BCE2E648C5C0043B316 /* Assets.xcassets */; };
		613C7BD62E648C5C0043B316 /* ContentView.swift in Sources */ = {isa = PBXBuildFile; fileRef = 613C7BCF2E648C5C0043B316 /* ContentView.swift */; };
		613C7BD72E648C5C0043B316 /* MasterListApp.swift in Sources */ = {isa = PBXBuildFile; fileRef = 613C7BD02E648C5C0043B316 /* MasterListApp.swift */; };
		613C7BD92E648DC20043B316 /* ListViewModel.swift in Sources */ = {isa = PBXBuildFile; fileRef = 613C7BD82E648DC20043B316 /* ListViewModel.swift */; };
		613C7BDA2E648DC20043B316 /* ListViewModel.swift in Sources */ = {isa = PBXBuildFile; fileRef = 613C7BD82E648DC20043B316 /* ListViewModel.swift */; };
		613C7BDC2E648DD60043B316 /* ListItem.swift in Sources */ = {isa = PBXBuildFile; fileRef = 613C7BDB2E648DD60043B316 /* ListItem.swift */; };
		613C7BDD2E648DD60043B316 /* ListItem.swift in Sources */ = {isa = PBXBuildFile; fileRef = 613C7BDB2E648DD60043B316 /* ListItem.swift */; };
		613C7BDF2E648E060043B316 /* AddItemView.swift in Sources */ = {isa = PBXBuildFile; fileRef = 613C7BDE2E648E060043B316 /* AddItemView.swift */; };
		613C7BE02E648E060043B316 /* AddItemView.swift in Sources */ = {isa = PBXBuildFile; fileRef = 613C7BDE2E648E060043B316 /* AddItemView.swift */; };
		613C7BE22E648E1E0043B316 /* DetailView.swift in Sources */ = {isa = PBXBuildFile; fileRef = 613C7BE12E648E1E0043B316 /* DetailView.swift */; };
		613C7BE32E648E1E0043B316 /* DetailView.swift in Sources */ = {isa = PBXBuildFile; fileRef = 613C7BE12E648E1E0043B316 /* DetailView.swift */; };
		613C7BE52E648E300043B316 /* ItemCard.swift in Sources */ = {isa = PBXBuildFile; fileRef = 613C7BE42E648E300043B316 /* ItemCard.swift */; };
		613C7BE62E648E300043B316 /* ItemCard.swift in Sources */ = {isa = PBXBuildFile; fileRef = 613C7BE42E648E300043B316 /* ItemCard.swift */; };
		614FD7F22E57ADDD0071E0E4 /* ContentView.swift in Sources */ = {isa = PBXBuildFile; fileRef = 614FD7EF2E57ADDD0071E0E4 /* ContentView.swift */; };
		614FD7F32E57ADDD0071E0E4 /* Modern_SwiftUI_BootcampApp.swift in Sources */ = {isa = PBXBuildFile; fileRef = 614FD7F02E57ADDD0071E0E4 /* Modern_SwiftUI_BootcampApp.swift */; };
		614FD7F42E57ADDD0071E0E4 /* Assets.xcassets in Resources */ = {isa = PBXBuildFile; fileRef = 614FD7EE2E57ADDD0071E0E4 /* Assets.xcassets */; };
		614FD7F82E57B1750071E0E4 /* VariablesAndDataTypes.swift in Sources */ = {isa = PBXBuildFile; fileRef = 614FD7F72E57B1750071E0E4 /* VariablesAndDataTypes.swift */; };
		614FD7FA2E57B2220071E0E4 /* Person.swift in Sources */ = {isa = PBXBuildFile; fileRef = 614FD7F92E57B2220071E0E4 /* Person.swift */; };
		616B330F2E5B6316006D64A0 /* SwiftUILayout.swift in Sources */ = {isa = PBXBuildFile; fileRef = 616B330E2E5B6316006D64A0 /* SwiftUILayout.swift */; };
		616B33112E5B76CC006D64A0 /* InfoCard.swift in Sources */ = {isa = PBXBuildFile; fileRef = 616B33102E5B76CC006D64A0 /* InfoCard.swift */; };
		61DD64232E637C3D00A2778D /* CounterView.swift in Sources */ = {isa = PBXBuildFile; fileRef = 61DD64222E637C3D00A2778D /* CounterView.swift */; };
/* End PBXBuildFile section */

/* Begin PBXFileReference section */
		613C7BC02E6488740043B316 /* MasterListApp.app */ = {isa = PBXFileReference; explicitFileType = wrapper.application; includeInIndex = 0; path = MasterListApp.app; sourceTree = BUILT_PRODUCTS_DIR; };
		613C7BCE2E648C5C0043B316 /* Assets.xcassets */ = {isa = PBXFileReference; lastKnownFileType = folder.assetcatalog; path = Assets.xcassets; sourceTree = "<group>"; };
		613C7BCF2E648C5C0043B316 /* ContentView.swift */ = {isa = PBXFileReference; lastKnownFileType = sourcecode.swift; path = ContentView.swift; sourceTree = "<group>"; };
		613C7BD02E648C5C0043B316 /* MasterListApp.swift */ = {isa = PBXFileReference; lastKnownFileType = sourcecode.swift; path = MasterListApp.swift; sourceTree = "<group>"; };
		613C7BD82E648DC20043B316 /* ListViewModel.swift */ = {isa = PBXFileReference; lastKnownFileType = sourcecode.swift; path = ListViewModel.swift; sourceTree = "<group>"; };
		613C7BDB2E648DD60043B316 /* ListItem.swift */ = {isa = PBXFileReference; lastKnownFileType = sourcecode.swift; path = ListItem.swift; sourceTree = "<group>"; };
		613C7BDE2E648E060043B316 /* AddItemView.swift */ = {isa = PBXFileReference; lastKnownFileType = sourcecode.swift; path = AddItemView.swift; sourceTree = "<group>"; };
		613C7BE12E648E1E0043B316 /* DetailView.swift */ = {isa = PBXFileReference; lastKnownFileType = sourcecode.swift; path = DetailView.swift; sourceTree = "<group>"; };
		613C7BE42E648E300043B316 /* ItemCard.swift */ = {isa = PBXFileReference; lastKnownFileType = sourcecode.swift; path = ItemCard.swift; sourceTree = "<group>"; };
		614FD7EE2E57ADDD0071E0E4 /* Assets.xcassets */ = {isa = PBXFileReference; lastKnownFileType = folder.assetcatalog; path = Assets.xcassets; sourceTree = "<group>"; };
		614FD7EF2E57ADDD0071E0E4 /* ContentView.swift */ = {isa = PBXFileReference; lastKnownFileType = sourcecode.swift; path = ContentView.swift; sourceTree = "<group>"; };
		614FD7F02E57ADDD0071E0E4 /* Modern_SwiftUI_BootcampApp.swift */ = {isa = PBXFileReference; lastKnownFileType = sourcecode.swift; path = Modern_SwiftUI_BootcampApp.swift; sourceTree = "<group>"; };
		614FD7F72E57B1750071E0E4 /* VariablesAndDataTypes.swift */ = {isa = PBXFileReference; lastKnownFileType = sourcecode.swift; path = VariablesAndDataTypes.swift; sourceTree = "<group>"; };
		614FD7F92E57B2220071E0E4 /* Person.swift */ = {isa = PBXFileReference; lastKnownFileType = sourcecode.swift; path = Person.swift; sourceTree = "<group>"; };
		614FD8152E57C2140071E0E4 /* FunctionsAndClosures.xcodeproj */ = {isa = PBXFileReference; lastKnownFileType = "wrapper.pb-project"; name = FunctionsAndClosures.xcodeproj; path = ../FunctionsAndClosures/FunctionsAndClosures.xcodeproj; sourceTree = SOURCE_ROOT; };
		616B330E2E5B6316006D64A0 /* SwiftUILayout.swift */ = {isa = PBXFileReference; lastKnownFileType = sourcecode.swift; path = SwiftUILayout.swift; sourceTree = "<group>"; };
		616B33102E5B76CC006D64A0 /* InfoCard.swift */ = {isa = PBXFileReference; lastKnownFileType = sourcecode.swift; path = InfoCard.swift; sourceTree = "<group>"; };
		61DD64222E637C3D00A2778D /* CounterView.swift */ = {isa = PBXFileReference; lastKnownFileType = sourcecode.swift; path = CounterView.swift; sourceTree = "<group>"; };
		61EF5FB82E57AC3A003107A0 /* Modern-SwiftUI-Bootcamp.app */ = {isa = PBXFileReference; explicitFileType = wrapper.application; includeInIndex = 0; path = "Modern-SwiftUI-Bootcamp.app"; sourceTree = BUILT_PRODUCTS_DIR; };
/* End PBXFileReference section */

/* Begin PBXFrameworksBuildPhase section */
		613C7BBD2E6488740043B316 /* Frameworks */ = {
			isa = PBXFrameworksBuildPhase;
			buildActionMask = 2147483647;
			files = (
			);
			runOnlyForDeploymentPostprocessing = 0;
		};
		61EF5FB52E57AC3A003107A0 /* Frameworks */ = {
			isa = PBXFrameworksBuildPhase;
			buildActionMask = 2147483647;
			files = (
			);
			runOnlyForDeploymentPostprocessing = 0;
		};
/* End PBXFrameworksBuildPhase section */

/* Begin PBXGroup section */
		613C7BD12E648C5C0043B316 /* MasterListApp */ = {
			isa = PBXGroup;
			children = (
				613C7BCE2E648C5C0043B316 /* Assets.xcassets */,
				613C7BCF2E648C5C0043B316 /* ContentView.swift */,
				613C7BD02E648C5C0043B316 /* MasterListApp.swift */,
				613C7BDB2E648DD60043B316 /* ListItem.swift */,
				613C7BD82E648DC20043B316 /* ListViewModel.swift */,
				613C7BDE2E648E060043B316 /* AddItemView.swift */,
				613C7BE12E648E1E0043B316 /* DetailView.swift */,
				613C7BE42E648E300043B316 /* ItemCard.swift */,
			);
			path = MasterListApp;
			sourceTree = "<group>";
		};
		614FD7F12E57ADDD0071E0E4 /* Modern-SwiftUI-Bootcamp */ = {
			isa = PBXGroup;
			children = (
				61DD641D2E637B6300A2778D /* Week-3 */,
				616B33092E5B62FA006D64A0 /* Week-2 */,
				614FD7F52E57B0370071E0E4 /* Week-1 */,
				614FD7EE2E57ADDD0071E0E4 /* Assets.xcassets */,
				614FD7EF2E57ADDD0071E0E4 /* ContentView.swift */,
				614FD7F02E57ADDD0071E0E4 /* Modern_SwiftUI_BootcampApp.swift */,
			);
			path = "Modern-SwiftUI-Bootcamp";
			sourceTree = "<group>";
		};
		614FD7F52E57B0370071E0E4 /* Week-1 */ = {
			isa = PBXGroup;
			children = (
				614FD7F62E57B0470071E0E4 /* 1.1.VariablesAndDataTypes */,
				614FD7FB2E57BBAC0071E0E4 /* 1.2.FunctionsAndClosures */,
			);
			path = "Week-1";
			sourceTree = "<group>";
		};
		614FD7F62E57B0470071E0E4 /* 1.1.VariablesAndDataTypes */ = {
			isa = PBXGroup;
			children = (
				614FD7F72E57B1750071E0E4 /* VariablesAndDataTypes.swift */,
				614FD7F92E57B2220071E0E4 /* Person.swift */,
			);
			path = 1.1.VariablesAndDataTypes;
			sourceTree = "<group>";
		};
		614FD7FB2E57BBAC0071E0E4 /* 1.2.FunctionsAndClosures */ = {
			isa = PBXGroup;
			children = (
				614FD8152E57C2140071E0E4 /* FunctionsAndClosures.xcodeproj */,
			);
			path = 1.2.FunctionsAndClosures;
			sourceTree = "<group>";
		};
		614FD8182E57C2150071E0E4 /* Products */ = {
			isa = PBXGroup;
			children = (
			);
			name = Products;
			sourceTree = "<group>";
		};
		616B33092E5B62FA006D64A0 /* Week-2 */ = {
			isa = PBXGroup;
			children = (
				616B330D2E5B6301006D64A0 /* 1.3.SwiftUILayout */,
			);
			path = "Week-2";
			sourceTree = "<group>";
		};
		616B330D2E5B6301006D64A0 /* 1.3.SwiftUILayout */ = {
			isa = PBXGroup;
			children = (
				616B330E2E5B6316006D64A0 /* SwiftUILayout.swift */,
				616B33102E5B76CC006D64A0 /* InfoCard.swift */,
			);
			path = 1.3.SwiftUILayout;
			sourceTree = "<group>";
		};
		61DD641D2E637B6300A2778D /* Week-3 */ = {
			isa = PBXGroup;
			children = (
				61DD64212E637BAA00A2778D /* 1.4.StateManagementAndInteractiveApp */,
			);
			path = "Week-3";
			sourceTree = "<group>";
		};
		61DD64212E637BAA00A2778D /* 1.4.StateManagementAndInteractiveApp */ = {
			isa = PBXGroup;
			children = (
				61DD64222E637C3D00A2778D /* CounterView.swift */,
			);
			path = 1.4.StateManagementAndInteractiveApp;
			sourceTree = "<group>";
		};
		61EF5FAF2E57AC3A003107A0 = {
			isa = PBXGroup;
			children = (
				614FD7F12E57ADDD0071E0E4 /* Modern-SwiftUI-Bootcamp */,
				613C7BD12E648C5C0043B316 /* MasterListApp */,
				61EF5FB92E57AC3A003107A0 /* Products */,
			);
			sourceTree = "<group>";
		};
		61EF5FB92E57AC3A003107A0 /* Products */ = {
			isa = PBXGroup;
			children = (
				61EF5FB82E57AC3A003107A0 /* Modern-SwiftUI-Bootcamp.app */,
				613C7BC02E6488740043B316 /* MasterListApp.app */,
			);
			name = Products;
			sourceTree = "<group>";
		};
/* End PBXGroup section */

/* Begin PBXNativeTarget section */
		613C7BBF2E6488740043B316 /* MasterListApp */ = {
			isa = PBXNativeTarget;
			buildConfigurationList = 613C7BC82E6488750043B316 /* Build configuration list for PBXNativeTarget "MasterListApp" */;
			buildPhases = (
				613C7BBC2E6488740043B316 /* Sources */,
				613C7BBD2E6488740043B316 /* Frameworks */,
				613C7BBE2E6488740043B316 /* Resources */,
			);
			buildRules = (
			);
			dependencies = (
			);
			name = MasterListApp;
			packageProductDependencies = (
			);
			productName = MasterListApp;
			productReference = 613C7BC02E6488740043B316 /* MasterListApp.app */;
			productType = "com.apple.product-type.application";
		};
		61EF5FB72E57AC3A003107A0 /* Modern-SwiftUI-Bootcamp */ = {
			isa = PBXNativeTarget;
			buildConfigurationList = 61EF5FC32E57AC3B003107A0 /* Build configuration list for PBXNativeTarget "Modern-SwiftUI-Bootcamp" */;
			buildPhases = (
				61EF5FB42E57AC3A003107A0 /* Sources */,
				61EF5FB52E57AC3A003107A0 /* Frameworks */,
				61EF5FB62E57AC3A003107A0 /* Resources */,
			);
			buildRules = (
			);
			dependencies = (
			);
			name = "Modern-SwiftUI-Bootcamp";
			packageProductDependencies = (
			);
			productName = "Modern-SwiftUI-Bootcamp";
			productReference = 61EF5FB82E57AC3A003107A0 /* Modern-SwiftUI-Bootcamp.app */;
			productType = "com.apple.product-type.application";
		};
/* End PBXNativeTarget section */

/* Begin PBXProject section */
		61EF5FB02E57AC3A003107A0 /* Project object */ = {
			isa = PBXProject;
			attributes = {
				BuildIndependentTargetsInParallel = 1;
				LastSwiftUpdateCheck = 1640;
				LastUpgradeCheck = 1640;
				TargetAttributes = {
					613C7BBF2E6488740043B316 = {
						CreatedOnToolsVersion = 16.4;
					};
					61EF5FB72E57AC3A003107A0 = {
						CreatedOnToolsVersion = 16.4;
					};
				};
			};
			buildConfigurationList = 61EF5FB32E57AC3A003107A0 /* Build configuration list for PBXProject "Modern-SwiftUI-Bootcamp" */;
			developmentRegion = en;
			hasScannedForEncodings = 0;
			knownRegions = (
				en,
				Base,
			);
			mainGroup = 61EF5FAF2E57AC3A003107A0;
			minimizedProjectReferenceProxies = 1;
			preferredProjectObjectVersion = 77;
			productRefGroup = 61EF5FB92E57AC3A003107A0 /* Products */;
			projectDirPath = "";
			projectReferences = (
				{
					ProductGroup = 614FD8182E57C2150071E0E4 /* Products */;
					ProjectRef = 614FD8152E57C2140071E0E4 /* FunctionsAndClosures.xcodeproj */;
				},
			);
			projectRoot = "";
			targets = (
				61EF5FB72E57AC3A003107A0 /* Modern-SwiftUI-Bootcamp */,
				613C7BBF2E6488740043B316 /* MasterListApp */,
			);
		};
/* End PBXProject section */

/* Begin PBXResourcesBuildPhase section */
		613C7BBE2E6488740043B316 /* Resources */ = {
			isa = PBXResourcesBuildPhase;
			buildActionMask = 2147483647;
			files = (
				613C7BD52E648C5C0043B316 /* Assets.xcassets in Resources */,
			);
			runOnlyForDeploymentPostprocessing = 0;
		};
		61EF5FB62E57AC3A003107A0 /* Resources */ = {
			isa = PBXResourcesBuildPhase;
			buildActionMask = 2147483647;
			files = (
				613C7BD42E648C5C0043B316 /* Assets.xcassets in Resources */,
				614FD7F42E57ADDD0071E0E4 /* Assets.xcassets in Resources */,
			);
			runOnlyForDeploymentPostprocessing = 0;
		};
/* End PBXResourcesBuildPhase section */

/* Begin PBXSourcesBuildPhase section */
		613C7BBC2E6488740043B316 /* Sources */ = {
			isa = PBXSourcesBuildPhase;
			buildActionMask = 2147483647;
			files = (
				613C7BDD2E648DD60043B316 /* ListItem.swift in Sources */,
				613C7BE32E648E1E0043B316 /* DetailView.swift in Sources */,
				613C7BD62E648C5C0043B316 /* ContentView.swift in Sources */,
				613C7BE52E648E300043B316 /* ItemCard.swift in Sources */,
				613C7BD72E648C5C0043B316 /* MasterListApp.swift in Sources */,
				613C7BDA2E648DC20043B316 /* ListViewModel.swift in Sources */,
				613C7BE02E648E060043B316 /* AddItemView.swift in Sources */,
			);
			runOnlyForDeploymentPostprocessing = 0;
		};
		61EF5FB42E57AC3A003107A0 /* Sources */ = {
			isa = PBXSourcesBuildPhase;
			buildActionMask = 2147483647;
			files = (
				613C7BD92E648DC20043B316 /* ListViewModel.swift in Sources */,
				614FD7F82E57B1750071E0E4 /* VariablesAndDataTypes.swift in Sources */,
				61DD64232E637C3D00A2778D /* CounterView.swift in Sources */,
				616B33112E5B76CC006D64A0 /* InfoCard.swift in Sources */,
				613C7BDC2E648DD60043B316 /* ListItem.swift in Sources */,
				614FD7F22E57ADDD0071E0E4 /* ContentView.swift in Sources */,
				616B330F2E5B6316006D64A0 /* SwiftUILayout.swift in Sources */,
				613C7BE22E648E1E0043B316 /* DetailView.swift in Sources */,
				613C7BDF2E648E060043B316 /* AddItemView.swift in Sources */,
				613C7BD22E648C5C0043B316 /* ContentView.swift in Sources */,
				613C7BE62E648E300043B316 /* ItemCard.swift in Sources */,
				613C7BD32E648C5C0043B316 /* MasterListApp.swift in Sources */,
				614FD7FA2E57B2220071E0E4 /* Person.swift in Sources */,
				614FD7F32E57ADDD0071E0E4 /* Modern_SwiftUI_BootcampApp.swift in Sources */,
			);
			runOnlyForDeploymentPostprocessing = 0;
		};
/* End PBXSourcesBuildPhase section */

/* Begin XCBuildConfiguration section */
		613C7BC92E6488750043B316 /* Debug */ = {
			isa = XCBuildConfiguration;
			buildSettings = {
				ASSETCATALOG_COMPILER_APPICON_NAME = AppIcon;
				ASSETCATALOG_COMPILER_GLOBAL_ACCENT_COLOR_NAME = AccentColor;
				CODE_SIGN_STYLE = Automatic;
				CURRENT_PROJECT_VERSION = 1;
				ENABLE_PREVIEWS = YES;
				GENERATE_INFOPLIST_FILE = YES;
				INFOPLIST_KEY_UIApplicationSceneManifest_Generation = YES;
				INFOPLIST_KEY_UIApplicationSupportsIndirectInputEvents = YES;
				INFOPLIST_KEY_UILaunchScreen_Generation = YES;
				INFOPLIST_KEY_UISupportedInterfaceOrientations_iPad = "UIInterfaceOrientationPortrait UIInterfaceOrientationPortraitUpsideDown UIInterfaceOrientationLandscapeLeft UIInterfaceOrientationLandscapeRight";
				INFOPLIST_KEY_UISupportedInterfaceOrientations_iPhone = "UIInterfaceOrientationPortrait UIInterfaceOrientationLandscapeLeft UIInterfaceOrientationLandscapeRight";
				LD_RUNPATH_SEARCH_PATHS = (
					"$(inherited)",
					"@executable_path/Frameworks",
				);
				MARKETING_VERSION = 1.0;
				PRODUCT_BUNDLE_IDENTIFIER = com.iremsever.MasterListApp;
				PRODUCT_NAME = "$(TARGET_NAME)";
				SWIFT_EMIT_LOC_STRINGS = YES;
				SWIFT_VERSION = 5.0;
				TARGETED_DEVICE_FAMILY = "1,2";
			};
			name = Debug;
		};
		613C7BCA2E6488750043B316 /* Release */ = {
			isa = XCBuildConfiguration;
			buildSettings = {
				ASSETCATALOG_COMPILER_APPICON_NAME = AppIcon;
				ASSETCATALOG_COMPILER_GLOBAL_ACCENT_COLOR_NAME = AccentColor;
				CODE_SIGN_STYLE = Automatic;
				CURRENT_PROJECT_VERSION = 1;
				ENABLE_PREVIEWS = YES;
				GENERATE_INFOPLIST_FILE = YES;
				INFOPLIST_KEY_UIApplicationSceneManifest_Generation = YES;
				INFOPLIST_KEY_UIApplicationSupportsIndirectInputEvents = YES;
				INFOPLIST_KEY_UILaunchScreen_Generation = YES;
				INFOPLIST_KEY_UISupportedInterfaceOrientations_iPad = "UIInterfaceOrientationPortrait UIInterfaceOrientationPortraitUpsideDown UIInterfaceOrientationLandscapeLeft UIInterfaceOrientationLandscapeRight";
				INFOPLIST_KEY_UISupportedInterfaceOrientations_iPhone = "UIInterfaceOrientationPortrait UIInterfaceOrientationLandscapeLeft UIInterfaceOrientationLandscapeRight";
				LD_RUNPATH_SEARCH_PATHS = (
					"$(inherited)",
					"@executable_path/Frameworks",
				);
				MARKETING_VERSION = 1.0;
				PRODUCT_BUNDLE_IDENTIFIER = com.iremsever.MasterListApp;
				PRODUCT_NAME = "$(TARGET_NAME)";
				SWIFT_EMIT_LOC_STRINGS = YES;
				SWIFT_VERSION = 5.0;
				TARGETED_DEVICE_FAMILY = "1,2";
			};
			name = Release;
		};
		61EF5FC12E57AC3B003107A0 /* Debug */ = {
			isa = XCBuildConfiguration;
			buildSettings = {
				ALWAYS_SEARCH_USER_PATHS = NO;
				ASSETCATALOG_COMPILER_GENERATE_SWIFT_ASSET_SYMBOL_EXTENSIONS = YES;
				CLANG_ANALYZER_NONNULL = YES;
				CLANG_ANALYZER_NUMBER_OBJECT_CONVERSION = YES_AGGRESSIVE;
				CLANG_CXX_LANGUAGE_STANDARD = "gnu++20";
				CLANG_ENABLE_MODULES = YES;
				CLANG_ENABLE_OBJC_ARC = YES;
				CLANG_ENABLE_OBJC_WEAK = YES;
				CLANG_WARN_BLOCK_CAPTURE_AUTORELEASING = YES;
				CLANG_WARN_BOOL_CONVERSION = YES;
				CLANG_WARN_COMMA = YES;
				CLANG_WARN_CONSTANT_CONVERSION = YES;
				CLANG_WARN_DEPRECATED_OBJC_IMPLEMENTATIONS = YES;
				CLANG_WARN_DIRECT_OBJC_ISA_USAGE = YES_ERROR;
				CLANG_WARN_DOCUMENTATION_COMMENTS = YES;
				CLANG_WARN_EMPTY_BODY = YES;
				CLANG_WARN_ENUM_CONVERSION = YES;
				CLANG_WARN_INFINITE_RECURSION = YES;
				CLANG_WARN_INT_CONVERSION = YES;
				CLANG_WARN_NON_LITERAL_NULL_CONVERSION = YES;
				CLANG_WARN_OBJC_IMPLICIT_RETAIN_SELF = YES;
				CLANG_WARN_OBJC_LITERAL_CONVERSION = YES;
				CLANG_WARN_OBJC_ROOT_CLASS = YES_ERROR;
				CLANG_WARN_QUOTED_INCLUDE_IN_FRAMEWORK_HEADER = YES;
				CLANG_WARN_RANGE_LOOP_ANALYSIS = YES;
				CLANG_WARN_STRICT_PROTOTYPES = YES;
				CLANG_WARN_SUSPICIOUS_MOVE = YES;
				CLANG_WARN_UNGUARDED_AVAILABILITY = YES_AGGRESSIVE;
				CLANG_WARN_UNREACHABLE_CODE = YES;
				CLANG_WARN__DUPLICATE_METHOD_MATCH = YES;
				COPY_PHASE_STRIP = NO;
				DEBUG_INFORMATION_FORMAT = dwarf;
				ENABLE_STRICT_OBJC_MSGSEND = YES;
				ENABLE_TESTABILITY = YES;
				ENABLE_USER_SCRIPT_SANDBOXING = YES;
				GCC_C_LANGUAGE_STANDARD = gnu17;
				GCC_DYNAMIC_NO_PIC = NO;
				GCC_NO_COMMON_BLOCKS = YES;
				GCC_OPTIMIZATION_LEVEL = 0;
				GCC_PREPROCESSOR_DEFINITIONS = (
					"DEBUG=1",
					"$(inherited)",
				);
				GCC_WARN_64_TO_32_BIT_CONVERSION = YES;
				GCC_WARN_ABOUT_RETURN_TYPE = YES_ERROR;
				GCC_WARN_UNDECLARED_SELECTOR = YES;
				GCC_WARN_UNINITIALIZED_AUTOS = YES_AGGRESSIVE;
				GCC_WARN_UNUSED_FUNCTION = YES;
				GCC_WARN_UNUSED_VARIABLE = YES;
				IPHONEOS_DEPLOYMENT_TARGET = 18.5;
				LOCALIZATION_PREFERS_STRING_CATALOGS = YES;
				MTL_ENABLE_DEBUG_INFO = INCLUDE_SOURCE;
				MTL_FAST_MATH = YES;
				ONLY_ACTIVE_ARCH = YES;
				SDKROOT = iphoneos;
				SWIFT_ACTIVE_COMPILATION_CONDITIONS = "DEBUG $(inherited)";
				SWIFT_OPTIMIZATION_LEVEL = "-Onone";
			};
			name = Debug;
		};
		61EF5FC22E57AC3B003107A0 /* Release */ = {
			isa = XCBuildConfiguration;
			buildSettings = {
				ALWAYS_SEARCH_USER_PATHS = NO;
				ASSETCATALOG_COMPILER_GENERATE_SWIFT_ASSET_SYMBOL_EXTENSIONS = YES;
				CLANG_ANALYZER_NONNULL = YES;
				CLANG_ANALYZER_NUMBER_OBJECT_CONVERSION = YES_AGGRESSIVE;
				CLANG_CXX_LANGUAGE_STANDARD = "gnu++20";
				CLANG_ENABLE_MODULES = YES;
				CLANG_ENABLE_OBJC_ARC = YES;
				CLANG_ENABLE_OBJC_WEAK = YES;
				CLANG_WARN_BLOCK_CAPTURE_AUTORELEASING = YES;
				CLANG_WARN_BOOL_CONVERSION = YES;
				CLANG_WARN_COMMA = YES;
				CLANG_WARN_CONSTANT_CONVERSION = YES;
				CLANG_WARN_DEPRECATED_OBJC_IMPLEMENTATIONS = YES;
				CLANG_WARN_DIRECT_OBJC_ISA_USAGE = YES_ERROR;
				CLANG_WARN_DOCUMENTATION_COMMENTS = YES;
				CLANG_WARN_EMPTY_BODY = YES;
				CLANG_WARN_ENUM_CONVERSION = YES;
				CLANG_WARN_INFINITE_RECURSION = YES;
				CLANG_WARN_INT_CONVERSION = YES;
				CLANG_WARN_NON_LITERAL_NULL_CONVERSION = YES;
				CLANG_WARN_OBJC_IMPLICIT_RETAIN_SELF = YES;
				CLANG_WARN_OBJC_LITERAL_CONVERSION = YES;
				CLANG_WARN_OBJC_ROOT_CLASS = YES_ERROR;
				CLANG_WARN_QUOTED_INCLUDE_IN_FRAMEWORK_HEADER = YES;
				CLANG_WARN_RANGE_LOOP_ANALYSIS = YES;
				CLANG_WARN_STRICT_PROTOTYPES = YES;
				CLANG_WARN_SUSPICIOUS_MOVE = YES;
				CLANG_WARN_UNGUARDED_AVAILABILITY = YES_AGGRESSIVE;
				CLANG_WARN_UNREACHABLE_CODE = YES;
				CLANG_WARN__DUPLICATE_METHOD_MATCH = YES;
				COPY_PHASE_STRIP = NO;
				DEBUG_INFORMATION_FORMAT = "dwarf-with-dsym";
				ENABLE_NS_ASSERTIONS = NO;
				ENABLE_STRICT_OBJC_MSGSEND = YES;
				ENABLE_USER_SCRIPT_SANDBOXING = YES;
				GCC_C_LANGUAGE_STANDARD = gnu17;
				GCC_NO_COMMON_BLOCKS = YES;
				GCC_WARN_64_TO_32_BIT_CONVERSION = YES;
				GCC_WARN_ABOUT_RETURN_TYPE = YES_ERROR;
				GCC_WARN_UNDECLARED_SELECTOR = YES;
				GCC_WARN_UNINITIALIZED_AUTOS = YES_AGGRESSIVE;
				GCC_WARN_UNUSED_FUNCTION = YES;
				GCC_WARN_UNUSED_VARIABLE = YES;
				IPHONEOS_DEPLOYMENT_TARGET = 18.5;
				LOCALIZATION_PREFERS_STRING_CATALOGS = YES;
				MTL_ENABLE_DEBUG_INFO = NO;
				MTL_FAST_MATH = YES;
				SDKROOT = iphoneos;
				SWIFT_COMPILATION_MODE = wholemodule;
				VALIDATE_PRODUCT = YES;
			};
			name = Release;
		};
		61EF5FC42E57AC3B003107A0 /* Debug */ = {
			isa = XCBuildConfiguration;
			buildSettings = {
				ASSETCATALOG_COMPILER_APPICON_NAME = AppIcon;
				ASSETCATALOG_COMPILER_GLOBAL_ACCENT_COLOR_NAME = AccentColor;
				CODE_SIGN_STYLE = Automatic;
				CURRENT_PROJECT_VERSION = 1;
				ENABLE_PREVIEWS = YES;
				GENERATE_INFOPLIST_FILE = YES;
				INFOPLIST_KEY_UIApplicationSceneManifest_Generation = YES;
				INFOPLIST_KEY_UIApplicationSupportsIndirectInputEvents = YES;
				INFOPLIST_KEY_UILaunchScreen_Generation = YES;
				INFOPLIST_KEY_UISupportedInterfaceOrientations_iPad = "UIInterfaceOrientationPortrait UIInterfaceOrientationPortraitUpsideDown UIInterfaceOrientationLandscapeLeft UIInterfaceOrientationLandscapeRight";
				INFOPLIST_KEY_UISupportedInterfaceOrientations_iPhone = "UIInterfaceOrientationPortrait UIInterfaceOrientationLandscapeLeft UIInterfaceOrientationLandscapeRight";
				LD_RUNPATH_SEARCH_PATHS = (
					"$(inherited)",
					"@executable_path/Frameworks",
				);
				MARKETING_VERSION = 1.0;
				PRODUCT_BUNDLE_IDENTIFIER = "com.iremsever.Modern-SwiftUI-Bootcamp";
				PRODUCT_NAME = "$(TARGET_NAME)";
				SWIFT_EMIT_LOC_STRINGS = YES;
				SWIFT_VERSION = 5.0;
				TARGETED_DEVICE_FAMILY = "1,2";
			};
			name = Debug;
		};
		61EF5FC52E57AC3B003107A0 /* Release */ = {
			isa = XCBuildConfiguration;
			buildSettings = {
				ASSETCATALOG_COMPILER_APPICON_NAME = AppIcon;
				ASSETCATALOG_COMPILER_GLOBAL_ACCENT_COLOR_NAME = AccentColor;
				CODE_SIGN_STYLE = Automatic;
				CURRENT_PROJECT_VERSION = 1;
				ENABLE_PREVIEWS = YES;
				GENERATE_INFOPLIST_FILE = YES;
				INFOPLIST_KEY_UIApplicationSceneManifest_Generation = YES;
				INFOPLIST_KEY_UIApplicationSupportsIndirectInputEvents = YES;
				INFOPLIST_KEY_UILaunchScreen_Generation = YES;
				INFOPLIST_KEY_UISupportedInterfaceOrientations_iPad = "UIInterfaceOrientationPortrait UIInterfaceOrientationPortraitUpsideDown UIInterfaceOrientationLandscapeLeft UIInterfaceOrientationLandscapeRight";
				INFOPLIST_KEY_UISupportedInterfaceOrientations_iPhone = "UIInterfaceOrientationPortrait UIInterfaceOrientationLandscapeLeft UIInterfaceOrientationLandscapeRight";
				LD_RUNPATH_SEARCH_PATHS = (
					"$(inherited)",
					"@executable_path/Frameworks",
				);
				MARKETING_VERSION = 1.0;
				PRODUCT_BUNDLE_IDENTIFIER = "com.iremsever.Modern-SwiftUI-Bootcamp";
				PRODUCT_NAME = "$(TARGET_NAME)";
				SWIFT_EMIT_LOC_STRINGS = YES;
				SWIFT_VERSION = 5.0;
				TARGETED_DEVICE_FAMILY = "1,2";
			};
			name = Release;
		};
/* End XCBuildConfiguration section */

/* Begin XCConfigurationList section */
		613C7BC82E6488750043B316 /* Build configuration list for PBXNativeTarget "MasterListApp" */ = {
			isa = XCConfigurationList;
			buildConfigurations = (
				613C7BC92E6488750043B316 /* Debug */,
				613C7BCA2E6488750043B316 /* Release */,
			);
			defaultConfigurationIsVisible = 0;
			defaultConfigurationName = Release;
		};
		61EF5FB32E57AC3A003107A0 /* Build configuration list for PBXProject "Modern-SwiftUI-Bootcamp" */ = {
			isa = XCConfigurationList;
			buildConfigurations = (
				61EF5FC12E57AC3B003107A0 /* Debug */,
				61EF5FC22E57AC3B003107A0 /* Release */,
			);
			defaultConfigurationIsVisible = 0;
			defaultConfigurationName = Release;
		};
		61EF5FC32E57AC3B003107A0 /* Build configuration list for PBXNativeTarget "Modern-SwiftUI-Bootcamp" */ = {
			isa = XCConfigurationList;
			buildConfigurations = (
				61EF5FC42E57AC3B003107A0 /* Debug */,
				61EF5FC52E57AC3B003107A0 /* Release */,
			);
			defaultConfigurationIsVisible = 0;
			defaultConfigurationName = Release;
		};
/* End XCConfigurationList section */
	};
	rootObject = 61EF5FB02E57AC3A003107A0 /* Project object */;
}
