// !$*UTF8*$!
{
	archiveVersion = 1;
	classes = {
	};
	objectVersion = 77;
	objects = {

/* Begin PBXBuildFile section */
		613C7BD22E648C5C0043B316 /* ContentView.swift in Sources */ = {isa = PBXBuildFile; fileRef = 613C7BCF2E648C5C0043B316 /* ContentView.swift */; };
		613C7BD32E648C5C0043B316 /* MasterListApp.swift in Sources */ = {isa = PBXBuildFile; fileRef = 613C7BD02E648C5C0043B316 /* MasterListApp.swift */; };
		613C7BD42E648C5C0043B316 /* Assets.xcassets in Resources */ = {isa = PBXBuildFile; fileRef = 613C7BCE2E648C5C0043B316 /* Assets.xcassets */; };
		613C7BD52E648C5C0043B316 /* Assets.xcassets in Resources */ = {isa = PBXBuildFile; fileRef = 613C7BCE2E648C5C0043B316 /* Assets.xcassets */; };
		613C7BD62E648C5C0043B316 /* ContentView.swift in Sources */ = {isa = PBXBuildFile; fileRef = 613C7BCF2E648C5C0043B316 /* ContentView.swift */; };
		613C7BD72E648C5C0043B316 /* MasterListApp.swift in Sources */ = {isa = PBXBuildFile; fileRef = 613C7BD02E648C5C0043B316 /* MasterListApp.swift */; };
		613C7BD92E648DC20043B316 /* ListViewModel.swift in Sources */ = {isa = PBXBuildFile; fileRef = 613C7BD82E648DC20043B316 /* ListViewModel.swift */; };
		613C7BDA2E648DC20043B316 /* ListViewModel.swift in Sources */ = {isa = PBXBuildFile; fileRef = 613C7BD82E648DC20043B316 /* ListViewModel.swift */; };
		613C7BDC2E648DD60043B316 /* ListItem.swift in Sources */ = {isa = PBXBuildFile; fileRef = 613C7BDB2E648DD60043B316 /* ListItem.swift */; };
		613C7BDD2E648DD60043B316 /* ListItem.swift in Sources */ = {isa = PBXBuildFile; fileRef = 613C7BDB2E648DD60043B316 /* ListItem.swift */; };
		613C7BDF2E648E060043B316 /* AddItemView.swift in Sources */ = {isa = PBXBuildFile; fileRef = 613C7BDE2E648E060043B316 /* AddItemView.swift */; };
		613C7BE02E648E060043B316 /* AddItemView.swift in Sources */ = {isa = PBXBuildFile; fileRef = 613C7BDE2E648E060043B316 /* AddItemView.swift */; };
		613C7BE22E648E1E0043B316 /* DetailView.swift in Sources */ = {isa = PBXBuildFile; fileRef = 613C7BE12E648E1E0043B316 /* DetailView.swift */; };
		613C7BE32E648E1E0043B316 /* DetailView.swift in Sources */ = {isa = PBXBuildFile; fileRef = 613C7BE12E648E1E0043B316 /* DetailView.swift */; };
		613C7BE52E648E300043B316 /* ItemCard.swift in Sources */ = {isa = PBXBuildFile; fileRef = 613C7BE42E648E300043B316 /* ItemCard.swift */; };
		613C7BE62E648E300043B316 /* ItemCard.swift in Sources */ = {isa = PBXBuildFile; fileRef = 613C7BE42E648E300043B316 /* ItemCard.swift */; };
		614FD7F22E57ADDD0071E0E4 /* ContentView.swift in Sources */ = {isa = PBXBuildFile; fileRef = 614FD7EF2E57ADDD0071E0E4 /* ContentView.swift */; };
		614FD7F32E57ADDD0071E0E4 /* Modern_SwiftUI_BootcampApp.swift in Sources */ = {isa = PBXBuildFile; fileRef = 614FD7F02E57ADDD0071E0E4 /* Modern_SwiftUI_BootcampApp.swift */; };
		614FD7F42E57ADDD0071E0E4 /* Assets.xcassets in Resources */ = {isa = PBXBuildFile; fileRef = 614FD7EE2E57ADDD0071E0E4 /* Assets.xcassets */; };
		614FD7F82E57B1750071E0E4 /* VariablesAndDataTypes.swift in Sources */ = {isa = PBXBuildFile; fileRef = 614FD7F72E57B1750071E0E4 /* VariablesAndDataTypes.swift */; };
		614FD7FA2E57B2220071E0E4 /* Person.swift in Sources */ = {isa = PBXBuildFile; fileRef = 614FD7F92E57B2220071E0E4 /* Person.swift */; };
		616B330F2E5B6316006D64A0 /* SwiftUILayout.swift in Sources */ = {isa = PBXBuildFile; fileRef = 616B330E2E5B6316006D64A0 /* SwiftUILayout.swift */; };
		616B33112E5B76CC006D64A0 /* InfoCard.swift in Sources */ = {isa = PBXBuildFile; fileRef = 616B33102E5B76CC006D64A0 /* InfoCard.swift */; };
		617A8A0A2EAC216B00CA9CEA /* ComposeNoteSheet.swift in Sources */ = {isa = PBXBuildFile; fileRef = 617A89FE2EAC216B00CA9CEA /* ComposeNoteSheet.swift */; };
		617A8A0B2EAC216B00CA9CEA /* CRUD.xcdatamodeld in Sources */ = {isa = PBXBuildFile; fileRef = 617A89FF2EAC216B00CA9CEA /* CRUD.xcdatamodeld */; };
		617A8A0C2EAC216B00CA9CEA /* CRUDApp.swift in Sources */ = {isa = PBXBuildFile; fileRef = 617A8A002EAC216B00CA9CEA /* CRUDApp.swift */; };
		617A8A0D2EAC216B00CA9CEA /* DataStack.swift in Sources */ = {isa = PBXBuildFile; fileRef = 617A8A012EAC216B00CA9CEA /* DataStack.swift */; };
		617A8A0E2EAC216B00CA9CEA /* EmptyPlaceholder.swift in Sources */ = {isa = PBXBuildFile; fileRef = 617A8A022EAC216B00CA9CEA /* EmptyPlaceholder.swift */; };
		617A8A0F2EAC216B00CA9CEA /* NotebookHomeView.swift in Sources */ = {isa = PBXBuildFile; fileRef = 617A8A032EAC216B00CA9CEA /* NotebookHomeView.swift */; };
		617A8A102EAC216B00CA9CEA /* NoteEditorSheet.swift in Sources */ = {isa = PBXBuildFile; fileRef = 617A8A042EAC216B00CA9CEA /* NoteEditorSheet.swift */; };
		617A8A112EAC216B00CA9CEA /* NoteRowCard.swift in Sources */ = {isa = PBXBuildFile; fileRef = 617A8A052EAC216B00CA9CEA /* NoteRowCard.swift */; };
		617A8A122EAC216B00CA9CEA /* QueryField.swift in Sources */ = {isa = PBXBuildFile; fileRef = 617A8A062EAC216B00CA9CEA /* QueryField.swift */; };
		617A8A132EAC216B00CA9CEA /* UIStyles.swift in Sources */ = {isa = PBXBuildFile; fileRef = 617A8A072EAC216B00CA9CEA /* UIStyles.swift */; };
		617A8A142EAC216B00CA9CEA /* Assets.xcassets in Resources */ = {isa = PBXBuildFile; fileRef = 617A89FD2EAC216B00CA9CEA /* Assets.xcassets */; };
		617A8A272EAC216F00CA9CEA /* AddTaskBar.swift in Sources */ = {isa = PBXBuildFile; fileRef = 617A8A152EAC216F00CA9CEA /* AddTaskBar.swift */; };
		617A8A282EAC216F00CA9CEA /* AddTaskCell.swift in Sources */ = {isa = PBXBuildFile; fileRef = 617A8A162EAC216F00CA9CEA /* AddTaskCell.swift */; };
		617A8A292EAC216F00CA9CEA /* AddTaskSheet.swift in Sources */ = {isa = PBXBuildFile; fileRef = 617A8A172EAC216F00CA9CEA /* AddTaskSheet.swift */; };
		617A8A2A2EAC216F00CA9CEA /* HeaderStatsCell.swift in Sources */ = {isa = PBXBuildFile; fileRef = 617A8A182EAC216F00CA9CEA /* HeaderStatsCell.swift */; };
		617A8A2B2EAC216F00CA9CEA /* ProgressRing.swift in Sources */ = {isa = PBXBuildFile; fileRef = 617A8A192EAC216F00CA9CEA /* ProgressRing.swift */; };
		617A8A2C2EAC216F00CA9CEA /* SearchBarCell.swift in Sources */ = {isa = PBXBuildFile; fileRef = 617A8A1A2EAC216F00CA9CEA /* SearchBarCell.swift */; };
		617A8A2D2EAC216F00CA9CEA /* TaskCardCell.swift in Sources */ = {isa = PBXBuildFile; fileRef = 617A8A1B2EAC216F00CA9CEA /* TaskCardCell.swift */; };
		617A8A2E2EAC216F00CA9CEA /* AppTheme.swift in Sources */ = {isa = PBXBuildFile; fileRef = 617A8A1D2EAC216F00CA9CEA /* AppTheme.swift */; };
		617A8A2F2EAC216F00CA9CEA /* Task.swift in Sources */ = {isa = PBXBuildFile; fileRef = 617A8A1F2EAC216F00CA9CEA /* Task.swift */; };
		617A8A302EAC216F00CA9CEA /* TaskViewModel.swift in Sources */ = {isa = PBXBuildFile; fileRef = 617A8A212EAC216F00CA9CEA /* TaskViewModel.swift */; };
		617A8A312EAC216F00CA9CEA /* TaskAppApp.swift in Sources */ = {isa = PBXBuildFile; fileRef = 617A8A242EAC216F00CA9CEA /* TaskAppApp.swift */; };
		617A8A322EAC216F00CA9CEA /* TaskContentView.swift in Sources */ = {isa = PBXBuildFile; fileRef = 617A8A252EAC216F00CA9CEA /* TaskContentView.swift */; };
		617A8A332EAC216F00CA9CEA /* Assets.xcassets in Resources */ = {isa = PBXBuildFile; fileRef = 617A8A232EAC216F00CA9CEA /* Assets.xcassets */; };
		617A8A3F2EAC217300CA9CEA /* Event.swift in Sources */ = {isa = PBXBuildFile; fileRef = 617A8A342EAC217300CA9CEA /* Event.swift */; };
		617A8A402EAC217300CA9CEA /* DesignTokens.swift in Sources */ = {isa = PBXBuildFile; fileRef = 617A8A372EAC217300CA9CEA /* DesignTokens.swift */; };
		617A8A412EAC217300CA9CEA /* EventCard.swift in Sources */ = {isa = PBXBuildFile; fileRef = 617A8A382EAC217300CA9CEA /* EventCard.swift */; };
		617A8A422EAC217300CA9CEA /* EventDetailSheet.swift in Sources */ = {isa = PBXBuildFile; fileRef = 617A8A392EAC217300CA9CEA /* EventDetailSheet.swift */; };
		617A8A432EAC217300CA9CEA /* EventFlowApp.swift in Sources */ = {isa = PBXBuildFile; fileRef = 617A8A3A2EAC217300CA9CEA /* EventFlowApp.swift */; };
		617A8A442EAC217300CA9CEA /* EventFlowContentView.swift in Sources */ = {isa = PBXBuildFile; fileRef = 617A8A3B2EAC217300CA9CEA /* EventFlowContentView.swift */; };
		617A8A452EAC217300CA9CEA /* EventStore.swift in Sources */ = {isa = PBXBuildFile; fileRef = 617A8A3C2EAC217300CA9CEA /* EventStore.swift */; };
		617A8A462EAC217300CA9CEA /* SearchBar.swift in Sources */ = {isa = PBXBuildFile; fileRef = 617A8A3D2EAC217300CA9CEA /* SearchBar.swift */; };
		617A8A472EAC217300CA9CEA /* Assets.xcassets in Resources */ = {isa = PBXBuildFile; fileRef = 617A8A362EAC217300CA9CEA /* Assets.xcassets */; };
		617A8A5B2EAD045000CA9CEA /* PokemonContentView.swift in Sources */ = {isa = PBXBuildFile; fileRef = 617A8A582EAD045000CA9CEA /* PokemonContentView.swift */; };
		617A8A5C2EAD045000CA9CEA /* PokemonApp.swift in Sources */ = {isa = PBXBuildFile; fileRef = 617A8A592EAD045000CA9CEA /* PokemonApp.swift */; };
		617A8A5D2EAD045000CA9CEA /* Assets.xcassets in Resources */ = {isa = PBXBuildFile; fileRef = 617A8A572EAD045000CA9CEA /* Assets.xcassets */; };
		617A8A5F2EAD051000CA9CEA /* Pokemon.swift in Sources */ = {isa = PBXBuildFile; fileRef = 617A8A5E2EAD051000CA9CEA /* Pokemon.swift */; };
		617A8A612EAD053000CA9CEA /* PokemonViewModel.swift in Sources */ = {isa = PBXBuildFile; fileRef = 617A8A602EAD053000CA9CEA /* PokemonViewModel.swift */; };
		617A8A652EAD06D400CA9CEA /* PokemonSelected.swift in Sources */ = {isa = PBXBuildFile; fileRef = 617A8A642EAD06D400CA9CEA /* PokemonSelected.swift */; };
		617A8A6A2EAD267500CA9CEA /* PokeColor.swift in Sources */ = {isa = PBXBuildFile; fileRef = 617A8A692EAD267500CA9CEA /* PokeColor.swift */; };
		617A8A6E2EAD29DA00CA9CEA /* PokemonDetailView.swift in Sources */ = {isa = PBXBuildFile; fileRef = 617A8A6D2EAD29DA00CA9CEA /* PokemonDetailView.swift */; };
		617A8A722EAD2A8B00CA9CEA /* PokemonBigCard.swift in Sources */ = {isa = PBXBuildFile; fileRef = 617A8A712EAD2A8B00CA9CEA /* PokemonBigCard.swift */; };
		617A8A742EAD35E900CA9CEA /* CapsuleBadge.swift in Sources */ = {isa = PBXBuildFile; fileRef = 617A8A732EAD35E900CA9CEA /* CapsuleBadge.swift */; };
		617A8ABC2EAE5B6C00CA9CEA /* APIExplorerUITests.swift in Sources */ = {isa = PBXBuildFile; fileRef = 617A8AB92EAE5B6C00CA9CEA /* APIExplorerUITests.swift */; };
		617A8ABD2EAE5B6C00CA9CEA /* APIExplorerUITestsLaunchTests.swift in Sources */ = {isa = PBXBuildFile; fileRef = 617A8ABA2EAE5B6C00CA9CEA /* APIExplorerUITestsLaunchTests.swift */; };
		617A8AC22EAE5B6C00CA9CEA /* APIExplorerApp.swift in Sources */ = {isa = PBXBuildFile; fileRef = 617A8ABE2EAE5B6C00CA9CEA /* APIExplorerApp.swift */; };
		617A8AC42EAE5B6C00CA9CEA /* Assets.xcassets in Resources */ = {isa = PBXBuildFile; fileRef = 617A8ABF2EAE5B6C00CA9CEA /* Assets.xcassets */; };
		617A8AC72EAE5B6C00CA9CEA /* APIExplorerTests.swift in Sources */ = {isa = PBXBuildFile; fileRef = 617A8AC52EAE5B6C00CA9CEA /* APIExplorerTests.swift */; };
		617A8AC92EAE5C6200CA9CEA /* APIError.swift in Sources */ = {isa = PBXBuildFile; fileRef = 617A8AC82EAE5C6200CA9CEA /* APIError.swift */; };
		617A8ACB2EAE5C6C00CA9CEA /* APIClientProtocol.swift in Sources */ = {isa = PBXBuildFile; fileRef = 617A8ACA2EAE5C6C00CA9CEA /* APIClientProtocol.swift */; };
		617A8ACD2EAE5C7400CA9CEA /* ImageLoader.swift in Sources */ = {isa = PBXBuildFile; fileRef = 617A8ACC2EAE5C7400CA9CEA /* ImageLoader.swift */; };
		617A8ACF2EAE5C7D00CA9CEA /* FavoritesStore.swift in Sources */ = {isa = PBXBuildFile; fileRef = 617A8ACE2EAE5C7D00CA9CEA /* FavoritesStore.swift */; };
		617A8AD12EAE5C8B00CA9CEA /* RMPage.swift in Sources */ = {isa = PBXBuildFile; fileRef = 617A8AD02EAE5C8B00CA9CEA /* RMPage.swift */; };
		617A8AD52EAE5C9A00CA9CEA /* CharacterListViewModel.swift in Sources */ = {isa = PBXBuildFile; fileRef = 617A8AD42EAE5C9A00CA9CEA /* CharacterListViewModel.swift */; };
		617A8AD72EAE5CA300CA9CEA /* CharacterDetailViewModel.swift in Sources */ = {isa = PBXBuildFile; fileRef = 617A8AD62EAE5CA300CA9CEA /* CharacterDetailViewModel.swift */; };
		617A8AD92EAE5CAB00CA9CEA /* CharacterRow.swift in Sources */ = {isa = PBXBuildFile; fileRef = 617A8AD82EAE5CAB00CA9CEA /* CharacterRow.swift */; };
		617A8ADB2EAE5CB800CA9CEA /* CharacterListView.swift in Sources */ = {isa = PBXBuildFile; fileRef = 617A8ADA2EAE5CB800CA9CEA /* CharacterListView.swift */; };
		617A8ADD2EAE5CC000CA9CEA /* CharacterDetailView.swift in Sources */ = {isa = PBXBuildFile; fileRef = 617A8ADC2EAE5CC000CA9CEA /* CharacterDetailView.swift */; };
		617A8ADF2EAE77F000CA9CEA /* CharacterService.swift in Sources */ = {isa = PBXBuildFile; fileRef = 617A8ADE2EAE77F000CA9CEA /* CharacterService.swift */; };
		617A8AE12EAE780E00CA9CEA /* FavoritesView.swift in Sources */ = {isa = PBXBuildFile; fileRef = 617A8AE02EAE780E00CA9CEA /* FavoritesView.swift */; };
		617A8AE32EAE7D8700CA9CEA /* APIClientMock.swift in Sources */ = {isa = PBXBuildFile; fileRef = 617A8AE22EAE7D8700CA9CEA /* APIClientMock.swift */; };
		617A8AE52EAE7D9900CA9CEA /* CharacterServiceTests.swift in Sources */ = {isa = PBXBuildFile; fileRef = 617A8AE42EAE7D9900CA9CEA /* CharacterServiceTests.swift */; };
		617A8AE72EAE7DA800CA9CEA /* CharacterListViewModelTests.swift in Sources */ = {isa = PBXBuildFile; fileRef = 617A8AE62EAE7DA800CA9CEA /* CharacterListViewModelTests.swift */; };
		617A8AEC2EAF4B9100CA9CEA /* README.md in Resources */ = {isa = PBXBuildFile; fileRef = 617A8AEB2EAF4B9100CA9CEA /* README.md */; };
		61DD64232E637C3D00A2778D /* CounterView.swift in Sources */ = {isa = PBXBuildFile; fileRef = 61DD64222E637C3D00A2778D /* CounterView.swift */; };
/* End PBXBuildFile section */

/* Begin PBXContainerItemProxy section */
		617A8A9F2EAE5B6200CA9CEA /* PBXContainerItemProxy */ = {
			isa = PBXContainerItemProxy;
			containerPortal = 61EF5FB02E57AC3A003107A0 /* Project object */;
			proxyType = 1;
			remoteGlobalIDString = 617A8A912EAE5B6000CA9CEA;
			remoteInfo = APIExplorer;
		};
		617A8AA92EAE5B6200CA9CEA /* PBXContainerItemProxy */ = {
			isa = PBXContainerItemProxy;
			containerPortal = 61EF5FB02E57AC3A003107A0 /* Project object */;
			proxyType = 1;
			remoteGlobalIDString = 617A8A912EAE5B6000CA9CEA;
			remoteInfo = APIExplorer;
		};
/* End PBXContainerItemProxy section */

/* Begin PBXFileReference section */
		611E8FED2EA02FA400B3A598 /* EventFlow.app */ = {isa = PBXFileReference; explicitFileType = wrapper.application; includeInIndex = 0; path = EventFlow.app; sourceTree = BUILT_PRODUCTS_DIR; };
		613C7BC02E6488740043B316 /* MasterListApp.app */ = {isa = PBXFileReference; explicitFileType = wrapper.application; includeInIndex = 0; path = MasterListApp.app; sourceTree = BUILT_PRODUCTS_DIR; };
		613C7BCE2E648C5C0043B316 /* Assets.xcassets */ = {isa = PBXFileReference; lastKnownFileType = folder.assetcatalog; path = Assets.xcassets; sourceTree = "<group>"; };
		613C7BCF2E648C5C0043B316 /* ContentView.swift */ = {isa = PBXFileReference; lastKnownFileType = sourcecode.swift; path = ContentView.swift; sourceTree = "<group>"; };
		613C7BD02E648C5C0043B316 /* MasterListApp.swift */ = {isa = PBXFileReference; lastKnownFileType = sourcecode.swift; path = MasterListApp.swift; sourceTree = "<group>"; };
		613C7BD82E648DC20043B316 /* ListViewModel.swift */ = {isa = PBXFileReference; lastKnownFileType = sourcecode.swift; path = ListViewModel.swift; sourceTree = "<group>"; };
		613C7BDB2E648DD60043B316 /* ListItem.swift */ = {isa = PBXFileReference; lastKnownFileType = sourcecode.swift; path = ListItem.swift; sourceTree = "<group>"; };
		613C7BDE2E648E060043B316 /* AddItemView.swift */ = {isa = PBXFileReference; lastKnownFileType = sourcecode.swift; path = AddItemView.swift; sourceTree = "<group>"; };
		613C7BE12E648E1E0043B316 /* DetailView.swift */ = {isa = PBXFileReference; lastKnownFileType = sourcecode.swift; path = DetailView.swift; sourceTree = "<group>"; };
		613C7BE42E648E300043B316 /* ItemCard.swift */ = {isa = PBXFileReference; lastKnownFileType = sourcecode.swift; path = ItemCard.swift; sourceTree = "<group>"; };
		614FD7EE2E57ADDD0071E0E4 /* Assets.xcassets */ = {isa = PBXFileReference; lastKnownFileType = folder.assetcatalog; path = Assets.xcassets; sourceTree = "<group>"; };
		614FD7EF2E57ADDD0071E0E4 /* ContentView.swift */ = {isa = PBXFileReference; lastKnownFileType = sourcecode.swift; path = ContentView.swift; sourceTree = "<group>"; };
		614FD7F02E57ADDD0071E0E4 /* Modern_SwiftUI_BootcampApp.swift */ = {isa = PBXFileReference; lastKnownFileType = sourcecode.swift; path = Modern_SwiftUI_BootcampApp.swift; sourceTree = "<group>"; };
		614FD7F72E57B1750071E0E4 /* VariablesAndDataTypes.swift */ = {isa = PBXFileReference; lastKnownFileType = sourcecode.swift; path = VariablesAndDataTypes.swift; sourceTree = "<group>"; };
		614FD7F92E57B2220071E0E4 /* Person.swift */ = {isa = PBXFileReference; lastKnownFileType = sourcecode.swift; path = Person.swift; sourceTree = "<group>"; };
		614FD8152E57C2140071E0E4 /* FunctionsAndClosures.xcodeproj */ = {isa = PBXFileReference; lastKnownFileType = "wrapper.pb-project"; name = FunctionsAndClosures.xcodeproj; path = ../FunctionsAndClosures/FunctionsAndClosures.xcodeproj; sourceTree = SOURCE_ROOT; };
		616B330E2E5B6316006D64A0 /* SwiftUILayout.swift */ = {isa = PBXFileReference; lastKnownFileType = sourcecode.swift; path = SwiftUILayout.swift; sourceTree = "<group>"; };
		616B33102E5B76CC006D64A0 /* InfoCard.swift */ = {isa = PBXFileReference; lastKnownFileType = sourcecode.swift; path = InfoCard.swift; sourceTree = "<group>"; };
		617A89FD2EAC216B00CA9CEA /* Assets.xcassets */ = {isa = PBXFileReference; lastKnownFileType = folder.assetcatalog; path = Assets.xcassets; sourceTree = "<group>"; };
		617A89FE2EAC216B00CA9CEA /* ComposeNoteSheet.swift */ = {isa = PBXFileReference; lastKnownFileType = sourcecode.swift; path = ComposeNoteSheet.swift; sourceTree = "<group>"; };
		617A8A002EAC216B00CA9CEA /* CRUDApp.swift */ = {isa = PBXFileReference; lastKnownFileType = sourcecode.swift; path = CRUDApp.swift; sourceTree = "<group>"; };
		617A8A012EAC216B00CA9CEA /* DataStack.swift */ = {isa = PBXFileReference; lastKnownFileType = sourcecode.swift; path = DataStack.swift; sourceTree = "<group>"; };
		617A8A022EAC216B00CA9CEA /* EmptyPlaceholder.swift */ = {isa = PBXFileReference; lastKnownFileType = sourcecode.swift; path = EmptyPlaceholder.swift; sourceTree = "<group>"; };
		617A8A032EAC216B00CA9CEA /* NotebookHomeView.swift */ = {isa = PBXFileReference; lastKnownFileType = sourcecode.swift; path = NotebookHomeView.swift; sourceTree = "<group>"; };
		617A8A042EAC216B00CA9CEA /* NoteEditorSheet.swift */ = {isa = PBXFileReference; lastKnownFileType = sourcecode.swift; path = NoteEditorSheet.swift; sourceTree = "<group>"; };
		617A8A052EAC216B00CA9CEA /* NoteRowCard.swift */ = {isa = PBXFileReference; lastKnownFileType = sourcecode.swift; path = NoteRowCard.swift; sourceTree = "<group>"; };
		617A8A062EAC216B00CA9CEA /* QueryField.swift */ = {isa = PBXFileReference; lastKnownFileType = sourcecode.swift; path = QueryField.swift; sourceTree = "<group>"; };
		617A8A072EAC216B00CA9CEA /* UIStyles.swift */ = {isa = PBXFileReference; lastKnownFileType = sourcecode.swift; path = UIStyles.swift; sourceTree = "<group>"; };
		617A8A092EAC216B00CA9CEA /* CRUD.xcdatamodel */ = {isa = PBXFileReference; lastKnownFileType = wrapper.xcdatamodel; path = CRUD.xcdatamodel; sourceTree = "<group>"; };
		617A8A152EAC216F00CA9CEA /* AddTaskBar.swift */ = {isa = PBXFileReference; lastKnownFileType = sourcecode.swift; path = AddTaskBar.swift; sourceTree = "<group>"; };
		617A8A162EAC216F00CA9CEA /* AddTaskCell.swift */ = {isa = PBXFileReference; lastKnownFileType = sourcecode.swift; path = AddTaskCell.swift; sourceTree = "<group>"; };
		617A8A172EAC216F00CA9CEA /* AddTaskSheet.swift */ = {isa = PBXFileReference; lastKnownFileType = sourcecode.swift; path = AddTaskSheet.swift; sourceTree = "<group>"; };
		617A8A182EAC216F00CA9CEA /* HeaderStatsCell.swift */ = {isa = PBXFileReference; lastKnownFileType = sourcecode.swift; path = HeaderStatsCell.swift; sourceTree = "<group>"; };
		617A8A192EAC216F00CA9CEA /* ProgressRing.swift */ = {isa = PBXFileReference; lastKnownFileType = sourcecode.swift; path = ProgressRing.swift; sourceTree = "<group>"; };
		617A8A1A2EAC216F00CA9CEA /* SearchBarCell.swift */ = {isa = PBXFileReference; lastKnownFileType = sourcecode.swift; path = SearchBarCell.swift; sourceTree = "<group>"; };
		617A8A1B2EAC216F00CA9CEA /* TaskCardCell.swift */ = {isa = PBXFileReference; lastKnownFileType = sourcecode.swift; path = TaskCardCell.swift; sourceTree = "<group>"; };
		617A8A1D2EAC216F00CA9CEA /* AppTheme.swift */ = {isa = PBXFileReference; lastKnownFileType = sourcecode.swift; path = AppTheme.swift; sourceTree = "<group>"; };
		617A8A1F2EAC216F00CA9CEA /* Task.swift */ = {isa = PBXFileReference; lastKnownFileType = sourcecode.swift; path = Task.swift; sourceTree = "<group>"; };
		617A8A212EAC216F00CA9CEA /* TaskViewModel.swift */ = {isa = PBXFileReference; lastKnownFileType = sourcecode.swift; path = TaskViewModel.swift; sourceTree = "<group>"; };
		617A8A232EAC216F00CA9CEA /* Assets.xcassets */ = {isa = PBXFileReference; lastKnownFileType = folder.assetcatalog; path = Assets.xcassets; sourceTree = "<group>"; };
		617A8A242EAC216F00CA9CEA /* TaskAppApp.swift */ = {isa = PBXFileReference; lastKnownFileType = sourcecode.swift; path = TaskAppApp.swift; sourceTree = "<group>"; };
		617A8A252EAC216F00CA9CEA /* TaskContentView.swift */ = {isa = PBXFileReference; lastKnownFileType = sourcecode.swift; path = TaskContentView.swift; sourceTree = "<group>"; };
		617A8A342EAC217300CA9CEA /* Event.swift */ = {isa = PBXFileReference; lastKnownFileType = sourcecode.swift; path = Event.swift; sourceTree = "<group>"; };
		617A8A362EAC217300CA9CEA /* Assets.xcassets */ = {isa = PBXFileReference; lastKnownFileType = folder.assetcatalog; path = Assets.xcassets; sourceTree = "<group>"; };
		617A8A372EAC217300CA9CEA /* DesignTokens.swift */ = {isa = PBXFileReference; lastKnownFileType = sourcecode.swift; path = DesignTokens.swift; sourceTree = "<group>"; };
		617A8A382EAC217300CA9CEA /* EventCard.swift */ = {isa = PBXFileReference; lastKnownFileType = sourcecode.swift; path = EventCard.swift; sourceTree = "<group>"; };
		617A8A392EAC217300CA9CEA /* EventDetailSheet.swift */ = {isa = PBXFileReference; lastKnownFileType = sourcecode.swift; path = EventDetailSheet.swift; sourceTree = "<group>"; };
		617A8A3A2EAC217300CA9CEA /* EventFlowApp.swift */ = {isa = PBXFileReference; lastKnownFileType = sourcecode.swift; path = EventFlowApp.swift; sourceTree = "<group>"; };
		617A8A3B2EAC217300CA9CEA /* EventFlowContentView.swift */ = {isa = PBXFileReference; lastKnownFileType = sourcecode.swift; path = EventFlowContentView.swift; sourceTree = "<group>"; };
		617A8A3C2EAC217300CA9CEA /* EventStore.swift */ = {isa = PBXFileReference; lastKnownFileType = sourcecode.swift; path = EventStore.swift; sourceTree = "<group>"; };
		617A8A3D2EAC217300CA9CEA /* SearchBar.swift */ = {isa = PBXFileReference; lastKnownFileType = sourcecode.swift; path = SearchBar.swift; sourceTree = "<group>"; };
		617A8A4C2EAD041500CA9CEA /* Pokemon.app */ = {isa = PBXFileReference; explicitFileType = wrapper.application; includeInIndex = 0; path = Pokemon.app; sourceTree = BUILT_PRODUCTS_DIR; };
		617A8A572EAD045000CA9CEA /* Assets.xcassets */ = {isa = PBXFileReference; lastKnownFileType = folder.assetcatalog; path = Assets.xcassets; sourceTree = "<group>"; };
		617A8A582EAD045000CA9CEA /* PokemonContentView.swift */ = {isa = PBXFileReference; lastKnownFileType = sourcecode.swift; path = PokemonContentView.swift; sourceTree = "<group>"; };
		617A8A592EAD045000CA9CEA /* PokemonApp.swift */ = {isa = PBXFileReference; lastKnownFileType = sourcecode.swift; path = PokemonApp.swift; sourceTree = "<group>"; };
		617A8A5E2EAD051000CA9CEA /* Pokemon.swift */ = {isa = PBXFileReference; lastKnownFileType = sourcecode.swift; path = Pokemon.swift; sourceTree = "<group>"; };
		617A8A602EAD053000CA9CEA /* PokemonViewModel.swift */ = {isa = PBXFileReference; lastKnownFileType = sourcecode.swift; path = PokemonViewModel.swift; sourceTree = "<group>"; };
		617A8A642EAD06D400CA9CEA /* PokemonSelected.swift */ = {isa = PBXFileReference; lastKnownFileType = sourcecode.swift; path = PokemonSelected.swift; sourceTree = "<group>"; };
		617A8A692EAD267500CA9CEA /* PokeColor.swift */ = {isa = PBXFileReference; lastKnownFileType = sourcecode.swift; path = PokeColor.swift; sourceTree = "<group>"; };
		617A8A6D2EAD29DA00CA9CEA /* PokemonDetailView.swift */ = {isa = PBXFileReference; lastKnownFileType = sourcecode.swift; path = PokemonDetailView.swift; sourceTree = "<group>"; };
		617A8A712EAD2A8B00CA9CEA /* PokemonBigCard.swift */ = {isa = PBXFileReference; lastKnownFileType = sourcecode.swift; path = PokemonBigCard.swift; sourceTree = "<group>"; };
		617A8A732EAD35E900CA9CEA /* CapsuleBadge.swift */ = {isa = PBXFileReference; lastKnownFileType = sourcecode.swift; path = CapsuleBadge.swift; sourceTree = "<group>"; };
		617A8A922EAE5B6000CA9CEA /* APIExplorer.app */ = {isa = PBXFileReference; explicitFileType = wrapper.application; includeInIndex = 0; path = APIExplorer.app; sourceTree = BUILT_PRODUCTS_DIR; };
		617A8A9E2EAE5B6200CA9CEA /* APIExplorerTests.xctest */ = {isa = PBXFileReference; explicitFileType = wrapper.cfbundle; includeInIndex = 0; path = APIExplorerTests.xctest; sourceTree = BUILT_PRODUCTS_DIR; };
		617A8AA82EAE5B6200CA9CEA /* APIExplorerUITests.xctest */ = {isa = PBXFileReference; explicitFileType = wrapper.cfbundle; includeInIndex = 0; path = APIExplorerUITests.xctest; sourceTree = BUILT_PRODUCTS_DIR; };
		617A8AB92EAE5B6C00CA9CEA /* APIExplorerUITests.swift */ = {isa = PBXFileReference; lastKnownFileType = sourcecode.swift; path = APIExplorerUITests.swift; sourceTree = "<group>"; };
		617A8ABA2EAE5B6C00CA9CEA /* APIExplorerUITestsLaunchTests.swift */ = {isa = PBXFileReference; lastKnownFileType = sourcecode.swift; path = APIExplorerUITestsLaunchTests.swift; sourceTree = "<group>"; };
		617A8ABE2EAE5B6C00CA9CEA /* APIExplorerApp.swift */ = {isa = PBXFileReference; lastKnownFileType = sourcecode.swift; path = APIExplorerApp.swift; sourceTree = "<group>"; };
		617A8ABF2EAE5B6C00CA9CEA /* Assets.xcassets */ = {isa = PBXFileReference; lastKnownFileType = folder.assetcatalog; path = Assets.xcassets; sourceTree = "<group>"; };
		617A8AC52EAE5B6C00CA9CEA /* APIExplorerTests.swift */ = {isa = PBXFileReference; lastKnownFileType = sourcecode.swift; path = APIExplorerTests.swift; sourceTree = "<group>"; };
		617A8AC82EAE5C6200CA9CEA /* APIError.swift */ = {isa = PBXFileReference; lastKnownFileType = sourcecode.swift; path = APIError.swift; sourceTree = "<group>"; };
		617A8ACA2EAE5C6C00CA9CEA /* APIClientProtocol.swift */ = {isa = PBXFileReference; lastKnownFileType = sourcecode.swift; path = APIClientProtocol.swift; sourceTree = "<group>"; };
		617A8ACC2EAE5C7400CA9CEA /* ImageLoader.swift */ = {isa = PBXFileReference; lastKnownFileType = sourcecode.swift; path = ImageLoader.swift; sourceTree = "<group>"; };
		617A8ACE2EAE5C7D00CA9CEA /* FavoritesStore.swift */ = {isa = PBXFileReference; lastKnownFileType = sourcecode.swift; path = FavoritesStore.swift; sourceTree = "<group>"; };
		617A8AD02EAE5C8B00CA9CEA /* RMPage.swift */ = {isa = PBXFileReference; lastKnownFileType = sourcecode.swift; path = RMPage.swift; sourceTree = "<group>"; };
		617A8AD42EAE5C9A00CA9CEA /* CharacterListViewModel.swift */ = {isa = PBXFileReference; lastKnownFileType = sourcecode.swift; path = CharacterListViewModel.swift; sourceTree = "<group>"; };
		617A8AD62EAE5CA300CA9CEA /* CharacterDetailViewModel.swift */ = {isa = PBXFileReference; lastKnownFileType = sourcecode.swift; path = CharacterDetailViewModel.swift; sourceTree = "<group>"; };
		617A8AD82EAE5CAB00CA9CEA /* CharacterRow.swift */ = {isa = PBXFileReference; lastKnownFileType = sourcecode.swift; path = CharacterRow.swift; sourceTree = "<group>"; };
		617A8ADA2EAE5CB800CA9CEA /* CharacterListView.swift */ = {isa = PBXFileReference; lastKnownFileType = sourcecode.swift; path = CharacterListView.swift; sourceTree = "<group>"; };
		617A8ADC2EAE5CC000CA9CEA /* CharacterDetailView.swift */ = {isa = PBXFileReference; lastKnownFileType = sourcecode.swift; path = CharacterDetailView.swift; sourceTree = "<group>"; };
		617A8ADE2EAE77F000CA9CEA /* CharacterService.swift */ = {isa = PBXFileReference; lastKnownFileType = sourcecode.swift; path = CharacterService.swift; sourceTree = "<group>"; };
		617A8AE02EAE780E00CA9CEA /* FavoritesView.swift */ = {isa = PBXFileReference; lastKnownFileType = sourcecode.swift; path = FavoritesView.swift; sourceTree = "<group>"; };
		617A8AE22EAE7D8700CA9CEA /* APIClientMock.swift */ = {isa = PBXFileReference; lastKnownFileType = sourcecode.swift; path = APIClientMock.swift; sourceTree = "<group>"; };
		617A8AE42EAE7D9900CA9CEA /* CharacterServiceTests.swift */ = {isa = PBXFileReference; lastKnownFileType = sourcecode.swift; path = CharacterServiceTests.swift; sourceTree = "<group>"; };
		617A8AE62EAE7DA800CA9CEA /* CharacterListViewModelTests.swift */ = {isa = PBXFileReference; lastKnownFileType = sourcecode.swift; path = CharacterListViewModelTests.swift; sourceTree = "<group>"; };
		617A8AEB2EAF4B9100CA9CEA /* README.md */ = {isa = PBXFileReference; lastKnownFileType = net.daringfireball.markdown; path = README.md; sourceTree = "<group>"; };
		61A8D0202EAC1692009C65B5 /* CRUD.app */ = {isa = PBXFileReference; explicitFileType = wrapper.application; includeInIndex = 0; path = CRUD.app; sourceTree = BUILT_PRODUCTS_DIR; };
		61D6353B2E9C0A0000889B5D /* TaskFlowApp.app */ = {isa = PBXFileReference; explicitFileType = wrapper.application; includeInIndex = 0; path = TaskFlowApp.app; sourceTree = BUILT_PRODUCTS_DIR; };
		61DD64222E637C3D00A2778D /* CounterView.swift */ = {isa = PBXFileReference; lastKnownFileType = sourcecode.swift; path = CounterView.swift; sourceTree = "<group>"; };
		61EF5FB82E57AC3A003107A0 /* Modern-SwiftUI-Bootcamp.app */ = {isa = PBXFileReference; explicitFileType = wrapper.application; includeInIndex = 0; path = "Modern-SwiftUI-Bootcamp.app"; sourceTree = BUILT_PRODUCTS_DIR; };
/* End PBXFileReference section */

/* Begin PBXFrameworksBuildPhase section */
		611E8FEA2EA02FA400B3A598 /* Frameworks */ = {
			isa = PBXFrameworksBuildPhase;
			buildActionMask = 2147483647;
			files = (
			);
			runOnlyForDeploymentPostprocessing = 0;
		};
		613C7BBD2E6488740043B316 /* Frameworks */ = {
			isa = PBXFrameworksBuildPhase;
			buildActionMask = 2147483647;
			files = (
			);
			runOnlyForDeploymentPostprocessing = 0;
		};
		617A8A492EAD041500CA9CEA /* Frameworks */ = {
			isa = PBXFrameworksBuildPhase;
			buildActionMask = 2147483647;
			files = (
			);
			runOnlyForDeploymentPostprocessing = 0;
		};
		617A8A8F2EAE5B6000CA9CEA /* Frameworks */ = {
			isa = PBXFrameworksBuildPhase;
			buildActionMask = 2147483647;
			files = (
			);
			runOnlyForDeploymentPostprocessing = 0;
		};
		617A8A9B2EAE5B6200CA9CEA /* Frameworks */ = {
			isa = PBXFrameworksBuildPhase;
			buildActionMask = 2147483647;
			files = (
			);
			runOnlyForDeploymentPostprocessing = 0;
		};
		617A8AA52EAE5B6200CA9CEA /* Frameworks */ = {
			isa = PBXFrameworksBuildPhase;
			buildActionMask = 2147483647;
			files = (
			);
			runOnlyForDeploymentPostprocessing = 0;
		};
		61A8D01D2EAC1692009C65B5 /* Frameworks */ = {
			isa = PBXFrameworksBuildPhase;
			buildActionMask = 2147483647;
			files = (
			);
			runOnlyForDeploymentPostprocessing = 0;
		};
		61D635382E9C0A0000889B5D /* Frameworks */ = {
			isa = PBXFrameworksBuildPhase;
			buildActionMask = 2147483647;
			files = (
			);
			runOnlyForDeploymentPostprocessing = 0;
		};
		61EF5FB52E57AC3A003107A0 /* Frameworks */ = {
			isa = PBXFrameworksBuildPhase;
			buildActionMask = 2147483647;
			files = (
			);
			runOnlyForDeploymentPostprocessing = 0;
		};
/* End PBXFrameworksBuildPhase section */

/* Begin PBXGroup section */
		613C7BD12E648C5C0043B316 /* MasterListApp */ = {
			isa = PBXGroup;
			children = (
				613C7BCE2E648C5C0043B316 /* Assets.xcassets */,
				613C7BCF2E648C5C0043B316 /* ContentView.swift */,
				613C7BD02E648C5C0043B316 /* MasterListApp.swift */,
				613C7BDB2E648DD60043B316 /* ListItem.swift */,
				613C7BD82E648DC20043B316 /* ListViewModel.swift */,
				613C7BDE2E648E060043B316 /* AddItemView.swift */,
				613C7BE12E648E1E0043B316 /* DetailView.swift */,
				613C7BE42E648E300043B316 /* ItemCard.swift */,
			);
			path = MasterListApp;
			sourceTree = "<group>";
		};
		614FD7F12E57ADDD0071E0E4 /* Modern-SwiftUI-Bootcamp */ = {
			isa = PBXGroup;
			children = (
				61DD641D2E637B6300A2778D /* Week-3 */,
				616B33092E5B62FA006D64A0 /* Week-2 */,
				614FD7F52E57B0370071E0E4 /* Week-1 */,
				614FD7EE2E57ADDD0071E0E4 /* Assets.xcassets */,
				614FD7EF2E57ADDD0071E0E4 /* ContentView.swift */,
				614FD7F02E57ADDD0071E0E4 /* Modern_SwiftUI_BootcampApp.swift */,
			);
			path = "Modern-SwiftUI-Bootcamp";
			sourceTree = "<group>";
		};
		614FD7F52E57B0370071E0E4 /* Week-1 */ = {
			isa = PBXGroup;
			children = (
				614FD7F62E57B0470071E0E4 /* 1.1.VariablesAndDataTypes */,
				614FD7FB2E57BBAC0071E0E4 /* 1.2.FunctionsAndClosures */,
			);
			path = "Week-1";
			sourceTree = "<group>";
		};
		614FD7F62E57B0470071E0E4 /* 1.1.VariablesAndDataTypes */ = {
			isa = PBXGroup;
			children = (
				614FD7F72E57B1750071E0E4 /* VariablesAndDataTypes.swift */,
				614FD7F92E57B2220071E0E4 /* Person.swift */,
			);
			path = 1.1.VariablesAndDataTypes;
			sourceTree = "<group>";
		};
		614FD7FB2E57BBAC0071E0E4 /* 1.2.FunctionsAndClosures */ = {
			isa = PBXGroup;
			children = (
				614FD8152E57C2140071E0E4 /* FunctionsAndClosures.xcodeproj */,
			);
			path = 1.2.FunctionsAndClosures;
			sourceTree = "<group>";
		};
		614FD8182E57C2150071E0E4 /* Products */ = {
			isa = PBXGroup;
			children = (
			);
			name = Products;
			sourceTree = "<group>";
		};
		616B33092E5B62FA006D64A0 /* Week-2 */ = {
			isa = PBXGroup;
			children = (
				616B330D2E5B6301006D64A0 /* 1.3.SwiftUILayout */,
			);
			path = "Week-2";
			sourceTree = "<group>";
		};
		616B330D2E5B6301006D64A0 /* 1.3.SwiftUILayout */ = {
			isa = PBXGroup;
			children = (
				616B330E2E5B6316006D64A0 /* SwiftUILayout.swift */,
				616B33102E5B76CC006D64A0 /* InfoCard.swift */,
			);
			path = 1.3.SwiftUILayout;
			sourceTree = "<group>";
		};
		617A8A082EAC216B00CA9CEA /* CRUD */ = {
			isa = PBXGroup;
			children = (
				617A89FD2EAC216B00CA9CEA /* Assets.xcassets */,
				617A89FE2EAC216B00CA9CEA /* ComposeNoteSheet.swift */,
				617A89FF2EAC216B00CA9CEA /* CRUD.xcdatamodeld */,
				617A8A002EAC216B00CA9CEA /* CRUDApp.swift */,
				617A8A012EAC216B00CA9CEA /* DataStack.swift */,
				617A8A022EAC216B00CA9CEA /* EmptyPlaceholder.swift */,
				617A8A032EAC216B00CA9CEA /* NotebookHomeView.swift */,
				617A8A042EAC216B00CA9CEA /* NoteEditorSheet.swift */,
				617A8A052EAC216B00CA9CEA /* NoteRowCard.swift */,
				617A8A062EAC216B00CA9CEA /* QueryField.swift */,
				617A8A072EAC216B00CA9CEA /* UIStyles.swift */,
			);
			path = CRUD;
			sourceTree = "<group>";
		};
		617A8A1C2EAC216F00CA9CEA /* Cell */ = {
			isa = PBXGroup;
			children = (
				617A8A152EAC216F00CA9CEA /* AddTaskBar.swift */,
				617A8A162EAC216F00CA9CEA /* AddTaskCell.swift */,
				617A8A172EAC216F00CA9CEA /* AddTaskSheet.swift */,
				617A8A182EAC216F00CA9CEA /* HeaderStatsCell.swift */,
				617A8A192EAC216F00CA9CEA /* ProgressRing.swift */,
				617A8A1A2EAC216F00CA9CEA /* SearchBarCell.swift */,
				617A8A1B2EAC216F00CA9CEA /* TaskCardCell.swift */,
			);
			path = Cell;
			sourceTree = "<group>";
		};
		617A8A1E2EAC216F00CA9CEA /* Helper */ = {
			isa = PBXGroup;
			children = (
				617A8A1D2EAC216F00CA9CEA /* AppTheme.swift */,
			);
			path = Helper;
			sourceTree = "<group>";
		};
		617A8A202EAC216F00CA9CEA /* Model */ = {
			isa = PBXGroup;
			children = (
				617A8A1F2EAC216F00CA9CEA /* Task.swift */,
			);
			path = Model;
			sourceTree = "<group>";
		};
		617A8A222EAC216F00CA9CEA /* ViewModel */ = {
			isa = PBXGroup;
			children = (
				617A8A212EAC216F00CA9CEA /* TaskViewModel.swift */,
			);
			path = ViewModel;
			sourceTree = "<group>";
		};
		617A8A262EAC216F00CA9CEA /* TaskFlowApp */ = {
			isa = PBXGroup;
			children = (
				617A8A1C2EAC216F00CA9CEA /* Cell */,
				617A8A1E2EAC216F00CA9CEA /* Helper */,
				617A8A202EAC216F00CA9CEA /* Model */,
				617A8A222EAC216F00CA9CEA /* ViewModel */,
				617A8A232EAC216F00CA9CEA /* Assets.xcassets */,
				617A8A242EAC216F00CA9CEA /* TaskAppApp.swift */,
				617A8A252EAC216F00CA9CEA /* TaskContentView.swift */,
			);
			path = TaskFlowApp;
			sourceTree = "<group>";
		};
		617A8A352EAC217300CA9CEA /* Model */ = {
			isa = PBXGroup;
			children = (
				617A8A342EAC217300CA9CEA /* Event.swift */,
			);
			path = Model;
			sourceTree = "<group>";
		};
		617A8A3E2EAC217300CA9CEA /* EventFlow */ = {
			isa = PBXGroup;
			children = (
				617A8A352EAC217300CA9CEA /* Model */,
				617A8A362EAC217300CA9CEA /* Assets.xcassets */,
				617A8A372EAC217300CA9CEA /* DesignTokens.swift */,
				617A8A382EAC217300CA9CEA /* EventCard.swift */,
				617A8A392EAC217300CA9CEA /* EventDetailSheet.swift */,
				617A8A3A2EAC217300CA9CEA /* EventFlowApp.swift */,
				617A8A3B2EAC217300CA9CEA /* EventFlowContentView.swift */,
				617A8A3C2EAC217300CA9CEA /* EventStore.swift */,
				617A8A3D2EAC217300CA9CEA /* SearchBar.swift */,
			);
			path = EventFlow;
			sourceTree = "<group>";
		};
		617A8A5A2EAD045000CA9CEA /* Pokemon */ = {
			isa = PBXGroup;
			children = (
				617A8A732EAD35E900CA9CEA /* CapsuleBadge.swift */,
				617A8A712EAD2A8B00CA9CEA /* PokemonBigCard.swift */,
				617A8A6D2EAD29DA00CA9CEA /* PokemonDetailView.swift */,
				617A8A692EAD267500CA9CEA /* PokeColor.swift */,
				617A8A602EAD053000CA9CEA /* PokemonViewModel.swift */,
				617A8A642EAD06D400CA9CEA /* PokemonSelected.swift */,
				617A8A5E2EAD051000CA9CEA /* Pokemon.swift */,
				617A8A572EAD045000CA9CEA /* Assets.xcassets */,
				617A8A582EAD045000CA9CEA /* PokemonContentView.swift */,
				617A8A592EAD045000CA9CEA /* PokemonApp.swift */,
			);
			path = Pokemon;
			sourceTree = "<group>";
		};
		617A8ABB2EAE5B6C00CA9CEA /* APIExplorerUITests */ = {
			isa = PBXGroup;
			children = (
				617A8AB92EAE5B6C00CA9CEA /* APIExplorerUITests.swift */,
				617A8ABA2EAE5B6C00CA9CEA /* APIExplorerUITestsLaunchTests.swift */,
			);
			path = APIExplorerUITests;
			sourceTree = "<group>";
		};
		617A8AC12EAE5B6C00CA9CEA /* APIExplorer */ = {
			isa = PBXGroup;
			children = (
				617A8AE02EAE780E00CA9CEA /* FavoritesView.swift */,
				617A8ADE2EAE77F000CA9CEA /* CharacterService.swift */,
				617A8ADC2EAE5CC000CA9CEA /* CharacterDetailView.swift */,
				617A8AD42EAE5C9A00CA9CEA /* CharacterListViewModel.swift */,
				617A8ADA2EAE5CB800CA9CEA /* CharacterListView.swift */,
				617A8AD62EAE5CA300CA9CEA /* CharacterDetailViewModel.swift */,
				617A8AD82EAE5CAB00CA9CEA /* CharacterRow.swift */,
				617A8AD02EAE5C8B00CA9CEA /* RMPage.swift */,
				617A8ACE2EAE5C7D00CA9CEA /* FavoritesStore.swift */,
				617A8ACC2EAE5C7400CA9CEA /* ImageLoader.swift */,
				617A8AC82EAE5C6200CA9CEA /* APIError.swift */,
				617A8ACA2EAE5C6C00CA9CEA /* APIClientProtocol.swift */,
				617A8ABE2EAE5B6C00CA9CEA /* APIExplorerApp.swift */,
				617A8ABF2EAE5B6C00CA9CEA /* Assets.xcassets */,
				617A8AEB2EAF4B9100CA9CEA /* README.md */,
			);
			path = APIExplorer;
			sourceTree = "<group>";
		};
		617A8AC62EAE5B6C00CA9CEA /* APIExplorerTests */ = {
			isa = PBXGroup;
			children = (
				617A8AE62EAE7DA800CA9CEA /* CharacterListViewModelTests.swift */,
				617A8AE42EAE7D9900CA9CEA /* CharacterServiceTests.swift */,
				617A8AE22EAE7D8700CA9CEA /* APIClientMock.swift */,
				617A8AC52EAE5B6C00CA9CEA /* APIExplorerTests.swift */,
			);
			path = APIExplorerTests;
			sourceTree = "<group>";
		};
		61DD641D2E637B6300A2778D /* Week-3 */ = {
			isa = PBXGroup;
			children = (
				61DD64212E637BAA00A2778D /* 1.4.StateManagementAndInteractiveApp */,
			);
			path = "Week-3";
			sourceTree = "<group>";
		};
		61DD64212E637BAA00A2778D /* 1.4.StateManagementAndInteractiveApp */ = {
			isa = PBXGroup;
			children = (
				61DD64222E637C3D00A2778D /* CounterView.swift */,
			);
			path = 1.4.StateManagementAndInteractiveApp;
			sourceTree = "<group>";
		};
		61EF5FAF2E57AC3A003107A0 = {
			isa = PBXGroup;
			children = (
				614FD7F12E57ADDD0071E0E4 /* Modern-SwiftUI-Bootcamp */,
				613C7BD12E648C5C0043B316 /* MasterListApp */,
				617A8A262EAC216F00CA9CEA /* TaskFlowApp */,
				617A8A3E2EAC217300CA9CEA /* EventFlow */,
				617A8A082EAC216B00CA9CEA /* CRUD */,
				617A8A5A2EAD045000CA9CEA /* Pokemon */,
				617A8AC12EAE5B6C00CA9CEA /* APIExplorer */,
				617A8AC62EAE5B6C00CA9CEA /* APIExplorerTests */,
				617A8ABB2EAE5B6C00CA9CEA /* APIExplorerUITests */,
				61EF5FB92E57AC3A003107A0 /* Products */,
			);
			sourceTree = "<group>";
		};
		61EF5FB92E57AC3A003107A0 /* Products */ = {
			isa = PBXGroup;
			children = (
				61EF5FB82E57AC3A003107A0 /* Modern-SwiftUI-Bootcamp.app */,
				613C7BC02E6488740043B316 /* MasterListApp.app */,
				61D6353B2E9C0A0000889B5D /* TaskFlowApp.app */,
				611E8FED2EA02FA400B3A598 /* EventFlow.app */,
				61A8D0202EAC1692009C65B5 /* CRUD.app */,
				617A8A4C2EAD041500CA9CEA /* Pokemon.app */,
				617A8A922EAE5B6000CA9CEA /* APIExplorer.app */,
				617A8A9E2EAE5B6200CA9CEA /* APIExplorerTests.xctest */,
				617A8AA82EAE5B6200CA9CEA /* APIExplorerUITests.xctest */,
			);
			name = Products;
			sourceTree = "<group>";
		};
/* End PBXGroup section */

/* Begin PBXNativeTarget section */
		611E8FEC2EA02FA400B3A598 /* EventFlow */ = {
			isa = PBXNativeTarget;
			buildConfigurationList = 611E8FF72EA02FA600B3A598 /* Build configuration list for PBXNativeTarget "EventFlow" */;
			buildPhases = (
				611E8FE92EA02FA400B3A598 /* Sources */,
				611E8FEA2EA02FA400B3A598 /* Frameworks */,
				611E8FEB2EA02FA400B3A598 /* Resources */,
			);
			buildRules = (
			);
			dependencies = (
			);
			name = EventFlow;
			packageProductDependencies = (
			);
			productName = EventFlow;
			productReference = 611E8FED2EA02FA400B3A598 /* EventFlow.app */;
			productType = "com.apple.product-type.application";
		};
		613C7BBF2E6488740043B316 /* MasterListApp */ = {
			isa = PBXNativeTarget;
			buildConfigurationList = 613C7BC82E6488750043B316 /* Build configuration list for PBXNativeTarget "MasterListApp" */;
			buildPhases = (
				613C7BBC2E6488740043B316 /* Sources */,
				613C7BBD2E6488740043B316 /* Frameworks */,
				613C7BBE2E6488740043B316 /* Resources */,
			);
			buildRules = (
			);
			dependencies = (
			);
			name = MasterListApp;
			packageProductDependencies = (
			);
			productName = MasterListApp;
			productReference = 613C7BC02E6488740043B316 /* MasterListApp.app */;
			productType = "com.apple.product-type.application";
		};
		617A8A4B2EAD041500CA9CEA /* Pokemon */ = {
			isa = PBXNativeTarget;
			buildConfigurationList = 617A8A542EAD041700CA9CEA /* Build configuration list for PBXNativeTarget "Pokemon" */;
			buildPhases = (
				617A8A482EAD041500CA9CEA /* Sources */,
				617A8A492EAD041500CA9CEA /* Frameworks */,
				617A8A4A2EAD041500CA9CEA /* Resources */,
			);
			buildRules = (
			);
			dependencies = (
			);
			name = Pokemon;
			packageProductDependencies = (
			);
			productName = Pokemon;
			productReference = 617A8A4C2EAD041500CA9CEA /* Pokemon.app */;
			productType = "com.apple.product-type.application";
		};
		617A8A912EAE5B6000CA9CEA /* APIExplorer */ = {
			isa = PBXNativeTarget;
			buildConfigurationList = 617A8AB02EAE5B6200CA9CEA /* Build configuration list for PBXNativeTarget "APIExplorer" */;
			buildPhases = (
				617A8A8E2EAE5B6000CA9CEA /* Sources */,
				617A8A8F2EAE5B6000CA9CEA /* Frameworks */,
				617A8A902EAE5B6000CA9CEA /* Resources */,
			);
			buildRules = (
			);
			dependencies = (
			);
			name = APIExplorer;
			packageProductDependencies = (
			);
			productName = APIExplorer;
			productReference = 617A8A922EAE5B6000CA9CEA /* APIExplorer.app */;
			productType = "com.apple.product-type.application";
		};
		617A8A9D2EAE5B6200CA9CEA /* APIExplorerTests */ = {
			isa = PBXNativeTarget;
			buildConfigurationList = 617A8AB32EAE5B6200CA9CEA /* Build configuration list for PBXNativeTarget "APIExplorerTests" */;
			buildPhases = (
				617A8A9A2EAE5B6200CA9CEA /* Sources */,
				617A8A9B2EAE5B6200CA9CEA /* Frameworks */,
				617A8A9C2EAE5B6200CA9CEA /* Resources */,
			);
			buildRules = (
			);
			dependencies = (
				617A8AA02EAE5B6200CA9CEA /* PBXTargetDependency */,
			);
			name = APIExplorerTests;
			packageProductDependencies = (
			);
			productName = APIExplorerTests;
			productReference = 617A8A9E2EAE5B6200CA9CEA /* APIExplorerTests.xctest */;
			productType = "com.apple.product-type.bundle.unit-test";
		};
		617A8AA72EAE5B6200CA9CEA /* APIExplorerUITests */ = {
			isa = PBXNativeTarget;
			buildConfigurationList = 617A8AB62EAE5B6200CA9CEA /* Build configuration list for PBXNativeTarget "APIExplorerUITests" */;
			buildPhases = (
				617A8AA42EAE5B6200CA9CEA /* Sources */,
				617A8AA52EAE5B6200CA9CEA /* Frameworks */,
				617A8AA62EAE5B6200CA9CEA /* Resources */,
			);
			buildRules = (
			);
			dependencies = (
				617A8AAA2EAE5B6200CA9CEA /* PBXTargetDependency */,
			);
			name = APIExplorerUITests;
			packageProductDependencies = (
			);
			productName = APIExplorerUITests;
			productReference = 617A8AA82EAE5B6200CA9CEA /* APIExplorerUITests.xctest */;
			productType = "com.apple.product-type.bundle.ui-testing";
		};
		61A8D01F2EAC1692009C65B5 /* CRUD */ = {
			isa = PBXNativeTarget;
			buildConfigurationList = 61A8D02F2EAC1694009C65B5 /* Build configuration list for PBXNativeTarget "CRUD" */;
			buildPhases = (
				61A8D01C2EAC1692009C65B5 /* Sources */,
				61A8D01D2EAC1692009C65B5 /* Frameworks */,
				61A8D01E2EAC1692009C65B5 /* Resources */,
			);
			buildRules = (
			);
			dependencies = (
			);
			name = CRUD;
			packageProductDependencies = (
			);
			productName = CRUD;
			productReference = 61A8D0202EAC1692009C65B5 /* CRUD.app */;
			productType = "com.apple.product-type.application";
		};
		61D6353A2E9C0A0000889B5D /* TaskFlowApp */ = {
			isa = PBXNativeTarget;
			buildConfigurationList = 61D635452E9C0A0100889B5D /* Build configuration list for PBXNativeTarget "TaskFlowApp" */;
			buildPhases = (
				61D635372E9C0A0000889B5D /* Sources */,
				61D635382E9C0A0000889B5D /* Frameworks */,
				61D635392E9C0A0000889B5D /* Resources */,
			);
			buildRules = (
			);
			dependencies = (
			);
			name = TaskFlowApp;
			packageProductDependencies = (
			);
			productName = TaskFlowApp;
			productReference = 61D6353B2E9C0A0000889B5D /* TaskFlowApp.app */;
			productType = "com.apple.product-type.application";
		};
		61EF5FB72E57AC3A003107A0 /* Modern-SwiftUI-Bootcamp */ = {
			isa = PBXNativeTarget;
			buildConfigurationList = 61EF5FC32E57AC3B003107A0 /* Build configuration list for PBXNativeTarget "Modern-SwiftUI-Bootcamp" */;
			buildPhases = (
				61EF5FB42E57AC3A003107A0 /* Sources */,
				61EF5FB52E57AC3A003107A0 /* Frameworks */,
				61EF5FB62E57AC3A003107A0 /* Resources */,
			);
			buildRules = (
			);
			dependencies = (
			);
			name = "Modern-SwiftUI-Bootcamp";
			packageProductDependencies = (
			);
			productName = "Modern-SwiftUI-Bootcamp";
			productReference = 61EF5FB82E57AC3A003107A0 /* Modern-SwiftUI-Bootcamp.app */;
			productType = "com.apple.product-type.application";
		};
/* End PBXNativeTarget section */

/* Begin PBXProject section */
		61EF5FB02E57AC3A003107A0 /* Project object */ = {
			isa = PBXProject;
			attributes = {
				BuildIndependentTargetsInParallel = 1;
				LastSwiftUpdateCheck = 2600;
				LastUpgradeCheck = 1640;
				TargetAttributes = {
					611E8FEC2EA02FA400B3A598 = {
						CreatedOnToolsVersion = 26.0.1;
					};
					613C7BBF2E6488740043B316 = {
						CreatedOnToolsVersion = 16.4;
					};
					617A8A4B2EAD041500CA9CEA = {
						CreatedOnToolsVersion = 26.0.1;
					};
					617A8A912EAE5B6000CA9CEA = {
						CreatedOnToolsVersion = 26.0.1;
					};
					617A8A9D2EAE5B6200CA9CEA = {
						CreatedOnToolsVersion = 26.0.1;
						TestTargetID = 617A8A912EAE5B6000CA9CEA;
					};
					617A8AA72EAE5B6200CA9CEA = {
						CreatedOnToolsVersion = 26.0.1;
						TestTargetID = 617A8A912EAE5B6000CA9CEA;
					};
					61A8D01F2EAC1692009C65B5 = {
						CreatedOnToolsVersion = 26.0.1;
					};
					61D6353A2E9C0A0000889B5D = {
						CreatedOnToolsVersion = 26.0.1;
					};
					61EF5FB72E57AC3A003107A0 = {
						CreatedOnToolsVersion = 16.4;
					};
				};
			};
			buildConfigurationList = 61EF5FB32E57AC3A003107A0 /* Build configuration list for PBXProject "Modern-SwiftUI-Bootcamp" */;
			developmentRegion = en;
			hasScannedForEncodings = 0;
			knownRegions = (
				en,
				Base,
			);
			mainGroup = 61EF5FAF2E57AC3A003107A0;
			minimizedProjectReferenceProxies = 1;
			preferredProjectObjectVersion = 77;
			productRefGroup = 61EF5FB92E57AC3A003107A0 /* Products */;
			projectDirPath = "";
			projectReferences = (
				{
					ProductGroup = 614FD8182E57C2150071E0E4 /* Products */;
					ProjectRef = 614FD8152E57C2140071E0E4 /* FunctionsAndClosures.xcodeproj */;
				},
			);
			projectRoot = "";
			targets = (
				61EF5FB72E57AC3A003107A0 /* Modern-SwiftUI-Bootcamp */,
				613C7BBF2E6488740043B316 /* MasterListApp */,
				61D6353A2E9C0A0000889B5D /* TaskFlowApp */,
				611E8FEC2EA02FA400B3A598 /* EventFlow */,
				61A8D01F2EAC1692009C65B5 /* CRUD */,
				617A8A4B2EAD041500CA9CEA /* Pokemon */,
				617A8A912EAE5B6000CA9CEA /* APIExplorer */,
				617A8A9D2EAE5B6200CA9CEA /* APIExplorerTests */,
				617A8AA72EAE5B6200CA9CEA /* APIExplorerUITests */,
			);
		};
/* End PBXProject section */

/* Begin PBXResourcesBuildPhase section */
		611E8FEB2EA02FA400B3A598 /* Resources */ = {
			isa = PBXResourcesBuildPhase;
			buildActionMask = 2147483647;
			files = (
				617A8A472EAC217300CA9CEA /* Assets.xcassets in Resources */,
			);
			runOnlyForDeploymentPostprocessing = 0;
		};
		613C7BBE2E6488740043B316 /* Resources */ = {
			isa = PBXResourcesBuildPhase;
			buildActionMask = 2147483647;
			files = (
				613C7BD52E648C5C0043B316 /* Assets.xcassets in Resources */,
			);
			runOnlyForDeploymentPostprocessing = 0;
		};
		617A8A4A2EAD041500CA9CEA /* Resources */ = {
			isa = PBXResourcesBuildPhase;
			buildActionMask = 2147483647;
			files = (
				617A8A5D2EAD045000CA9CEA /* Assets.xcassets in Resources */,
			);
			runOnlyForDeploymentPostprocessing = 0;
		};
		617A8A902EAE5B6000CA9CEA /* Resources */ = {
			isa = PBXResourcesBuildPhase;
			buildActionMask = 2147483647;
			files = (
				617A8AEC2EAF4B9100CA9CEA /* README.md in Resources */,
				617A8AC42EAE5B6C00CA9CEA /* Assets.xcassets in Resources */,
			);
			runOnlyForDeploymentPostprocessing = 0;
		};
		617A8A9C2EAE5B6200CA9CEA /* Resources */ = {
			isa = PBXResourcesBuildPhase;
			buildActionMask = 2147483647;
			files = (
			);
			runOnlyForDeploymentPostprocessing = 0;
		};
		617A8AA62EAE5B6200CA9CEA /* Resources */ = {
			isa = PBXResourcesBuildPhase;
			buildActionMask = 2147483647;
			files = (
			);
			runOnlyForDeploymentPostprocessing = 0;
		};
		61A8D01E2EAC1692009C65B5 /* Resources */ = {
			isa = PBXResourcesBuildPhase;
			buildActionMask = 2147483647;
			files = (
				617A8A142EAC216B00CA9CEA /* Assets.xcassets in Resources */,
			);
			runOnlyForDeploymentPostprocessing = 0;
		};
		61D635392E9C0A0000889B5D /* Resources */ = {
			isa = PBXResourcesBuildPhase;
			buildActionMask = 2147483647;
			files = (
				617A8A332EAC216F00CA9CEA /* Assets.xcassets in Resources */,
			);
			runOnlyForDeploymentPostprocessing = 0;
		};
		61EF5FB62E57AC3A003107A0 /* Resources */ = {
			isa = PBXResourcesBuildPhase;
			buildActionMask = 2147483647;
			files = (
				613C7BD42E648C5C0043B316 /* Assets.xcassets in Resources */,
				614FD7F42E57ADDD0071E0E4 /* Assets.xcassets in Resources */,
			);
			runOnlyForDeploymentPostprocessing = 0;
		};
/* End PBXResourcesBuildPhase section */

/* Begin PBXSourcesBuildPhase section */
		611E8FE92EA02FA400B3A598 /* Sources */ = {
			isa = PBXSourcesBuildPhase;
			buildActionMask = 2147483647;
			files = (
				617A8A3F2EAC217300CA9CEA /* Event.swift in Sources */,
				617A8A402EAC217300CA9CEA /* DesignTokens.swift in Sources */,
				617A8A412EAC217300CA9CEA /* EventCard.swift in Sources */,
				617A8A422EAC217300CA9CEA /* EventDetailSheet.swift in Sources */,
				617A8A432EAC217300CA9CEA /* EventFlowApp.swift in Sources */,
				617A8A442EAC217300CA9CEA /* EventFlowContentView.swift in Sources */,
				617A8A452EAC217300CA9CEA /* EventStore.swift in Sources */,
				617A8A462EAC217300CA9CEA /* SearchBar.swift in Sources */,
			);
			runOnlyForDeploymentPostprocessing = 0;
		};
		613C7BBC2E6488740043B316 /* Sources */ = {
			isa = PBXSourcesBuildPhase;
			buildActionMask = 2147483647;
			files = (
				613C7BDD2E648DD60043B316 /* ListItem.swift in Sources */,
				613C7BE32E648E1E0043B316 /* DetailView.swift in Sources */,
				613C7BD62E648C5C0043B316 /* ContentView.swift in Sources */,
				613C7BE52E648E300043B316 /* ItemCard.swift in Sources */,
				613C7BD72E648C5C0043B316 /* MasterListApp.swift in Sources */,
				613C7BDA2E648DC20043B316 /* ListViewModel.swift in Sources */,
				613C7BE02E648E060043B316 /* AddItemView.swift in Sources */,
			);
			runOnlyForDeploymentPostprocessing = 0;
		};
		617A8A482EAD041500CA9CEA /* Sources */ = {
			isa = PBXSourcesBuildPhase;
			buildActionMask = 2147483647;
			files = (
				617A8A722EAD2A8B00CA9CEA /* PokemonBigCard.swift in Sources */,
				617A8A6A2EAD267500CA9CEA /* PokeColor.swift in Sources */,
				617A8A742EAD35E900CA9CEA /* CapsuleBadge.swift in Sources */,
				617A8A6E2EAD29DA00CA9CEA /* PokemonDetailView.swift in Sources */,
				617A8A5B2EAD045000CA9CEA /* PokemonContentView.swift in Sources */,
				617A8A652EAD06D400CA9CEA /* PokemonSelected.swift in Sources */,
				617A8A5C2EAD045000CA9CEA /* PokemonApp.swift in Sources */,
				617A8A612EAD053000CA9CEA /* PokemonViewModel.swift in Sources */,
				617A8A5F2EAD051000CA9CEA /* Pokemon.swift in Sources */,
			);
			runOnlyForDeploymentPostprocessing = 0;
		};
		617A8A8E2EAE5B6000CA9CEA /* Sources */ = {
			isa = PBXSourcesBuildPhase;
			buildActionMask = 2147483647;
			files = (
				617A8AD92EAE5CAB00CA9CEA /* CharacterRow.swift in Sources */,
				617A8AC22EAE5B6C00CA9CEA /* APIExplorerApp.swift in Sources */,
				617A8ADD2EAE5CC000CA9CEA /* CharacterDetailView.swift in Sources */,
				617A8ACB2EAE5C6C00CA9CEA /* APIClientProtocol.swift in Sources */,
				617A8AE12EAE780E00CA9CEA /* FavoritesView.swift in Sources */,
				617A8ACD2EAE5C7400CA9CEA /* ImageLoader.swift in Sources */,
				617A8AD52EAE5C9A00CA9CEA /* CharacterListViewModel.swift in Sources */,
				617A8ADB2EAE5CB800CA9CEA /* CharacterListView.swift in Sources */,
				617A8ACF2EAE5C7D00CA9CEA /* FavoritesStore.swift in Sources */,
				617A8ADF2EAE77F000CA9CEA /* CharacterService.swift in Sources */,
				617A8AD72EAE5CA300CA9CEA /* CharacterDetailViewModel.swift in Sources */,
				617A8AC92EAE5C6200CA9CEA /* APIError.swift in Sources */,
				617A8AD12EAE5C8B00CA9CEA /* RMPage.swift in Sources */,
			);
			runOnlyForDeploymentPostprocessing = 0;
		};
		617A8A9A2EAE5B6200CA9CEA /* Sources */ = {
			isa = PBXSourcesBuildPhase;
			buildActionMask = 2147483647;
			files = (
				617A8AE72EAE7DA800CA9CEA /* CharacterListViewModelTests.swift in Sources */,
				617A8AE52EAE7D9900CA9CEA /* CharacterServiceTests.swift in Sources */,
				617A8AC72EAE5B6C00CA9CEA /* APIExplorerTests.swift in Sources */,
				617A8AE32EAE7D8700CA9CEA /* APIClientMock.swift in Sources */,
			);
			runOnlyForDeploymentPostprocessing = 0;
		};
		617A8AA42EAE5B6200CA9CEA /* Sources */ = {
			isa = PBXSourcesBuildPhase;
			buildActionMask = 2147483647;
			files = (
				617A8ABC2EAE5B6C00CA9CEA /* APIExplorerUITests.swift in Sources */,
				617A8ABD2EAE5B6C00CA9CEA /* APIExplorerUITestsLaunchTests.swift in Sources */,
			);
			runOnlyForDeploymentPostprocessing = 0;
		};
		61A8D01C2EAC1692009C65B5 /* Sources */ = {
			isa = PBXSourcesBuildPhase;
			buildActionMask = 2147483647;
			files = (
				617A8A0A2EAC216B00CA9CEA /* ComposeNoteSheet.swift in Sources */,
				617A8A0B2EAC216B00CA9CEA /* CRUD.xcdatamodeld in Sources */,
				617A8A0C2EAC216B00CA9CEA /* CRUDApp.swift in Sources */,
				617A8A0D2EAC216B00CA9CEA /* DataStack.swift in Sources */,
				617A8A0E2EAC216B00CA9CEA /* EmptyPlaceholder.swift in Sources */,
				617A8A0F2EAC216B00CA9CEA /* NotebookHomeView.swift in Sources */,
				617A8A102EAC216B00CA9CEA /* NoteEditorSheet.swift in Sources */,
				617A8A112EAC216B00CA9CEA /* NoteRowCard.swift in Sources */,
				617A8A122EAC216B00CA9CEA /* QueryField.swift in Sources */,
				617A8A132EAC216B00CA9CEA /* UIStyles.swift in Sources */,
			);
			runOnlyForDeploymentPostprocessing = 0;
		};
		61D635372E9C0A0000889B5D /* Sources */ = {
			isa = PBXSourcesBuildPhase;
			buildActionMask = 2147483647;
			files = (
				617A8A272EAC216F00CA9CEA /* AddTaskBar.swift in Sources */,
				617A8A282EAC216F00CA9CEA /* AddTaskCell.swift in Sources */,
				617A8A292EAC216F00CA9CEA /* AddTaskSheet.swift in Sources */,
				617A8A2A2EAC216F00CA9CEA /* HeaderStatsCell.swift in Sources */,
				617A8A2B2EAC216F00CA9CEA /* ProgressRing.swift in Sources */,
				617A8A2C2EAC216F00CA9CEA /* SearchBarCell.swift in Sources */,
				617A8A2D2EAC216F00CA9CEA /* TaskCardCell.swift in Sources */,
				617A8A2E2EAC216F00CA9CEA /* AppTheme.swift in Sources */,
				617A8A2F2EAC216F00CA9CEA /* Task.swift in Sources */,
				617A8A302EAC216F00CA9CEA /* TaskViewModel.swift in Sources */,
				617A8A312EAC216F00CA9CEA /* TaskAppApp.swift in Sources */,
				617A8A322EAC216F00CA9CEA /* TaskContentView.swift in Sources */,
			);
			runOnlyForDeploymentPostprocessing = 0;
		};
		61EF5FB42E57AC3A003107A0 /* Sources */ = {
			isa = PBXSourcesBuildPhase;
			buildActionMask = 2147483647;
			files = (
				613C7BD92E648DC20043B316 /* ListViewModel.swift in Sources */,
				614FD7F82E57B1750071E0E4 /* VariablesAndDataTypes.swift in Sources */,
				61DD64232E637C3D00A2778D /* CounterView.swift in Sources */,
				616B33112E5B76CC006D64A0 /* InfoCard.swift in Sources */,
				613C7BDC2E648DD60043B316 /* ListItem.swift in Sources */,
				614FD7F22E57ADDD0071E0E4 /* ContentView.swift in Sources */,
				616B330F2E5B6316006D64A0 /* SwiftUILayout.swift in Sources */,
				613C7BE22E648E1E0043B316 /* DetailView.swift in Sources */,
				613C7BDF2E648E060043B316 /* AddItemView.swift in Sources */,
				613C7BD22E648C5C0043B316 /* ContentView.swift in Sources */,
				613C7BE62E648E300043B316 /* ItemCard.swift in Sources */,
				613C7BD32E648C5C0043B316 /* MasterListApp.swift in Sources */,
				614FD7FA2E57B2220071E0E4 /* Person.swift in Sources */,
				614FD7F32E57ADDD0071E0E4 /* Modern_SwiftUI_BootcampApp.swift in Sources */,
			);
			runOnlyForDeploymentPostprocessing = 0;
		};
/* End PBXSourcesBuildPhase section */

/* Begin PBXTargetDependency section */
		617A8AA02EAE5B6200CA9CEA /* PBXTargetDependency */ = {
			isa = PBXTargetDependency;
			target = 617A8A912EAE5B6000CA9CEA /* APIExplorer */;
			targetProxy = 617A8A9F2EAE5B6200CA9CEA /* PBXContainerItemProxy */;
		};
		617A8AAA2EAE5B6200CA9CEA /* PBXTargetDependency */ = {
			isa = PBXTargetDependency;
			target = 617A8A912EAE5B6000CA9CEA /* APIExplorer */;
			targetProxy = 617A8AA92EAE5B6200CA9CEA /* PBXContainerItemProxy */;
		};
/* End PBXTargetDependency section */

/* Begin XCBuildConfiguration section */
		611E8FF52EA02FA600B3A598 /* Debug */ = {
			isa = XCBuildConfiguration;
			buildSettings = {
				ASSETCATALOG_COMPILER_APPICON_NAME = AppIcon;
				ASSETCATALOG_COMPILER_GLOBAL_ACCENT_COLOR_NAME = AccentColor;
				CODE_SIGN_STYLE = Automatic;
				CURRENT_PROJECT_VERSION = 1;
				ENABLE_PREVIEWS = YES;
				GENERATE_INFOPLIST_FILE = YES;
				INFOPLIST_KEY_UIApplicationSceneManifest_Generation = YES;
				INFOPLIST_KEY_UIApplicationSupportsIndirectInputEvents = YES;
				INFOPLIST_KEY_UILaunchScreen_Generation = YES;
				INFOPLIST_KEY_UISupportedInterfaceOrientations = UIInterfaceOrientationPortrait;
				IPHONEOS_DEPLOYMENT_TARGET = 26.0;
				LD_RUNPATH_SEARCH_PATHS = (
					"$(inherited)",
					"@executable_path/Frameworks",
				);
				MARKETING_VERSION = 1.0;
				PRODUCT_BUNDLE_IDENTIFIER = com.iremsever.EventFlow;
				PRODUCT_NAME = "$(TARGET_NAME)";
				STRING_CATALOG_GENERATE_SYMBOLS = YES;
				SUPPORTED_PLATFORMS = "iphoneos iphonesimulator";
				SUPPORTS_MACCATALYST = NO;
				SUPPORTS_MAC_DESIGNED_FOR_IPHONE_IPAD = NO;
				SUPPORTS_XR_DESIGNED_FOR_IPHONE_IPAD = NO;
				SWIFT_APPROACHABLE_CONCURRENCY = YES;
				SWIFT_DEFAULT_ACTOR_ISOLATION = MainActor;
				SWIFT_EMIT_LOC_STRINGS = YES;
				SWIFT_UPCOMING_FEATURE_MEMBER_IMPORT_VISIBILITY = YES;
				SWIFT_VERSION = 5.0;
				TARGETED_DEVICE_FAMILY = 1;
			};
			name = Debug;
		};
		611E8FF62EA02FA600B3A598 /* Release */ = {
			isa = XCBuildConfiguration;
			buildSettings = {
				ASSETCATALOG_COMPILER_APPICON_NAME = AppIcon;
				ASSETCATALOG_COMPILER_GLOBAL_ACCENT_COLOR_NAME = AccentColor;
				CODE_SIGN_STYLE = Automatic;
				CURRENT_PROJECT_VERSION = 1;
				ENABLE_PREVIEWS = YES;
				GENERATE_INFOPLIST_FILE = YES;
				INFOPLIST_KEY_UIApplicationSceneManifest_Generation = YES;
				INFOPLIST_KEY_UIApplicationSupportsIndirectInputEvents = YES;
				INFOPLIST_KEY_UILaunchScreen_Generation = YES;
				INFOPLIST_KEY_UISupportedInterfaceOrientations = UIInterfaceOrientationPortrait;
				IPHONEOS_DEPLOYMENT_TARGET = 26.0;
				LD_RUNPATH_SEARCH_PATHS = (
					"$(inherited)",
					"@executable_path/Frameworks",
				);
				MARKETING_VERSION = 1.0;
				PRODUCT_BUNDLE_IDENTIFIER = com.iremsever.EventFlow;
				PRODUCT_NAME = "$(TARGET_NAME)";
				STRING_CATALOG_GENERATE_SYMBOLS = YES;
				SUPPORTED_PLATFORMS = "iphoneos iphonesimulator";
				SUPPORTS_MACCATALYST = NO;
				SUPPORTS_MAC_DESIGNED_FOR_IPHONE_IPAD = NO;
				SUPPORTS_XR_DESIGNED_FOR_IPHONE_IPAD = NO;
				SWIFT_APPROACHABLE_CONCURRENCY = YES;
				SWIFT_DEFAULT_ACTOR_ISOLATION = MainActor;
				SWIFT_EMIT_LOC_STRINGS = YES;
				SWIFT_UPCOMING_FEATURE_MEMBER_IMPORT_VISIBILITY = YES;
				SWIFT_VERSION = 5.0;
				TARGETED_DEVICE_FAMILY = 1;
			};
			name = Release;
		};
		613C7BC92E6488750043B316 /* Debug */ = {
			isa = XCBuildConfiguration;
			buildSettings = {
				ASSETCATALOG_COMPILER_APPICON_NAME = AppIcon;
				ASSETCATALOG_COMPILER_GLOBAL_ACCENT_COLOR_NAME = AccentColor;
				CODE_SIGN_STYLE = Automatic;
				CURRENT_PROJECT_VERSION = 1;
				ENABLE_PREVIEWS = YES;
				GENERATE_INFOPLIST_FILE = YES;
				INFOPLIST_KEY_UIApplicationSceneManifest_Generation = YES;
				INFOPLIST_KEY_UIApplicationSupportsIndirectInputEvents = YES;
				INFOPLIST_KEY_UILaunchScreen_Generation = YES;
				INFOPLIST_KEY_UISupportedInterfaceOrientations = UIInterfaceOrientationPortrait;
				LD_RUNPATH_SEARCH_PATHS = (
					"$(inherited)",
					"@executable_path/Frameworks",
				);
				MARKETING_VERSION = 1.0;
				PRODUCT_BUNDLE_IDENTIFIER = com.iremsever.MasterListApp;
				PRODUCT_NAME = "$(TARGET_NAME)";
				SUPPORTED_PLATFORMS = "iphoneos iphonesimulator";
				SUPPORTS_MACCATALYST = NO;
				SUPPORTS_MAC_DESIGNED_FOR_IPHONE_IPAD = NO;
				SUPPORTS_XR_DESIGNED_FOR_IPHONE_IPAD = NO;
				SWIFT_EMIT_LOC_STRINGS = YES;
				SWIFT_VERSION = 5.0;
				TARGETED_DEVICE_FAMILY = 1;
			};
			name = Debug;
		};
		613C7BCA2E6488750043B316 /* Release */ = {
			isa = XCBuildConfiguration;
			buildSettings = {
				ASSETCATALOG_COMPILER_APPICON_NAME = AppIcon;
				ASSETCATALOG_COMPILER_GLOBAL_ACCENT_COLOR_NAME = AccentColor;
				CODE_SIGN_STYLE = Automatic;
				CURRENT_PROJECT_VERSION = 1;
				ENABLE_PREVIEWS = YES;
				GENERATE_INFOPLIST_FILE = YES;
				INFOPLIST_KEY_UIApplicationSceneManifest_Generation = YES;
				INFOPLIST_KEY_UIApplicationSupportsIndirectInputEvents = YES;
				INFOPLIST_KEY_UILaunchScreen_Generation = YES;
				INFOPLIST_KEY_UISupportedInterfaceOrientations = UIInterfaceOrientationPortrait;
				LD_RUNPATH_SEARCH_PATHS = (
					"$(inherited)",
					"@executable_path/Frameworks",
				);
				MARKETING_VERSION = 1.0;
				PRODUCT_BUNDLE_IDENTIFIER = com.iremsever.MasterListApp;
				PRODUCT_NAME = "$(TARGET_NAME)";
				SUPPORTED_PLATFORMS = "iphoneos iphonesimulator";
				SUPPORTS_MACCATALYST = NO;
				SUPPORTS_MAC_DESIGNED_FOR_IPHONE_IPAD = NO;
				SUPPORTS_XR_DESIGNED_FOR_IPHONE_IPAD = NO;
				SWIFT_EMIT_LOC_STRINGS = YES;
				SWIFT_VERSION = 5.0;
				TARGETED_DEVICE_FAMILY = 1;
			};
			name = Release;
		};
		617A8A552EAD041700CA9CEA /* Debug */ = {
			isa = XCBuildConfiguration;
			buildSettings = {
				ASSETCATALOG_COMPILER_APPICON_NAME = AppIcon;
				ASSETCATALOG_COMPILER_GLOBAL_ACCENT_COLOR_NAME = AccentColor;
				CODE_SIGN_STYLE = Automatic;
				CURRENT_PROJECT_VERSION = 1;
				ENABLE_PREVIEWS = YES;
				GENERATE_INFOPLIST_FILE = YES;
				INFOPLIST_KEY_UIApplicationSceneManifest_Generation = YES;
				INFOPLIST_KEY_UIApplicationSupportsIndirectInputEvents = YES;
				INFOPLIST_KEY_UILaunchScreen_Generation = YES;
				INFOPLIST_KEY_UISupportedInterfaceOrientations = UIInterfaceOrientationPortrait;
				IPHONEOS_DEPLOYMENT_TARGET = 26.0;
				LD_RUNPATH_SEARCH_PATHS = (
					"$(inherited)",
					"@executable_path/Frameworks",
				);
				MARKETING_VERSION = 1.0;
				PRODUCT_BUNDLE_IDENTIFIER = com.iremsever.Pokemon;
				PRODUCT_NAME = "$(TARGET_NAME)";
				STRING_CATALOG_GENERATE_SYMBOLS = YES;
				SUPPORTED_PLATFORMS = "iphoneos iphonesimulator";
				SUPPORTS_MACCATALYST = NO;
				SUPPORTS_MAC_DESIGNED_FOR_IPHONE_IPAD = NO;
				SUPPORTS_XR_DESIGNED_FOR_IPHONE_IPAD = NO;
				SWIFT_APPROACHABLE_CONCURRENCY = YES;
				SWIFT_DEFAULT_ACTOR_ISOLATION = MainActor;
				SWIFT_EMIT_LOC_STRINGS = YES;
				SWIFT_UPCOMING_FEATURE_MEMBER_IMPORT_VISIBILITY = YES;
				SWIFT_VERSION = 5.0;
				TARGETED_DEVICE_FAMILY = 1;
			};
			name = Debug;
		};
		617A8A562EAD041700CA9CEA /* Release */ = {
			isa = XCBuildConfiguration;
			buildSettings = {
				ASSETCATALOG_COMPILER_APPICON_NAME = AppIcon;
				ASSETCATALOG_COMPILER_GLOBAL_ACCENT_COLOR_NAME = AccentColor;
				CODE_SIGN_STYLE = Automatic;
				CURRENT_PROJECT_VERSION = 1;
				ENABLE_PREVIEWS = YES;
				GENERATE_INFOPLIST_FILE = YES;
				INFOPLIST_KEY_UIApplicationSceneManifest_Generation = YES;
				INFOPLIST_KEY_UIApplicationSupportsIndirectInputEvents = YES;
				INFOPLIST_KEY_UILaunchScreen_Generation = YES;
				INFOPLIST_KEY_UISupportedInterfaceOrientations = UIInterfaceOrientationPortrait;
				IPHONEOS_DEPLOYMENT_TARGET = 26.0;
				LD_RUNPATH_SEARCH_PATHS = (
					"$(inherited)",
					"@executable_path/Frameworks",
				);
				MARKETING_VERSION = 1.0;
				PRODUCT_BUNDLE_IDENTIFIER = com.iremsever.Pokemon;
				PRODUCT_NAME = "$(TARGET_NAME)";
				STRING_CATALOG_GENERATE_SYMBOLS = YES;
				SUPPORTED_PLATFORMS = "iphoneos iphonesimulator";
				SUPPORTS_MACCATALYST = NO;
				SUPPORTS_MAC_DESIGNED_FOR_IPHONE_IPAD = NO;
				SUPPORTS_XR_DESIGNED_FOR_IPHONE_IPAD = NO;
				SWIFT_APPROACHABLE_CONCURRENCY = YES;
				SWIFT_DEFAULT_ACTOR_ISOLATION = MainActor;
				SWIFT_EMIT_LOC_STRINGS = YES;
				SWIFT_UPCOMING_FEATURE_MEMBER_IMPORT_VISIBILITY = YES;
				SWIFT_VERSION = 5.0;
				TARGETED_DEVICE_FAMILY = 1;
			};
			name = Release;
		};
		617A8AB12EAE5B6200CA9CEA /* Debug */ = {
			isa = XCBuildConfiguration;
			buildSettings = {
				ASSETCATALOG_COMPILER_APPICON_NAME = AppIcon;
				ASSETCATALOG_COMPILER_GLOBAL_ACCENT_COLOR_NAME = AccentColor;
				CODE_SIGN_STYLE = Automatic;
				CURRENT_PROJECT_VERSION = 1;
				ENABLE_PREVIEWS = YES;
				GENERATE_INFOPLIST_FILE = YES;
				INFOPLIST_KEY_UIApplicationSceneManifest_Generation = YES;
				INFOPLIST_KEY_UIApplicationSupportsIndirectInputEvents = YES;
				INFOPLIST_KEY_UILaunchScreen_Generation = YES;
				INFOPLIST_KEY_UISupportedInterfaceOrientations = UIInterfaceOrientationPortrait;
				IPHONEOS_DEPLOYMENT_TARGET = 17.0;
				LD_RUNPATH_SEARCH_PATHS = (
					"$(inherited)",
					"@executable_path/Frameworks",
				);
				MARKETING_VERSION = 1.0;
				PRODUCT_BUNDLE_IDENTIFIER = com.iremsever.APIExplorer;
				PRODUCT_NAME = "$(TARGET_NAME)";
				STRING_CATALOG_GENERATE_SYMBOLS = YES;
				SUPPORTED_PLATFORMS = "iphoneos iphonesimulator";
				SUPPORTS_MACCATALYST = NO;
				SUPPORTS_MAC_DESIGNED_FOR_IPHONE_IPAD = NO;
				SUPPORTS_XR_DESIGNED_FOR_IPHONE_IPAD = NO;
				SWIFT_APPROACHABLE_CONCURRENCY = YES;
				SWIFT_DEFAULT_ACTOR_ISOLATION = MainActor;
				SWIFT_EMIT_LOC_STRINGS = YES;
				SWIFT_UPCOMING_FEATURE_MEMBER_IMPORT_VISIBILITY = YES;
				SWIFT_VERSION = 5.0;
				TARGETED_DEVICE_FAMILY = 1;
			};
			name = Debug;
		};
		617A8AB22EAE5B6200CA9CEA /* Release */ = {
			isa = XCBuildConfiguration;
			buildSettings = {
				ASSETCATALOG_COMPILER_APPICON_NAME = AppIcon;
				ASSETCATALOG_COMPILER_GLOBAL_ACCENT_COLOR_NAME = AccentColor;
				CODE_SIGN_STYLE = Automatic;
				CURRENT_PROJECT_VERSION = 1;
				ENABLE_PREVIEWS = YES;
				GENERATE_INFOPLIST_FILE = YES;
				INFOPLIST_KEY_UIApplicationSceneManifest_Generation = YES;
				INFOPLIST_KEY_UIApplicationSupportsIndirectInputEvents = YES;
				INFOPLIST_KEY_UILaunchScreen_Generation = YES;
				INFOPLIST_KEY_UISupportedInterfaceOrientations = UIInterfaceOrientationPortrait;
				IPHONEOS_DEPLOYMENT_TARGET = 17.0;
				LD_RUNPATH_SEARCH_PATHS = (
					"$(inherited)",
					"@executable_path/Frameworks",
				);
				MARKETING_VERSION = 1.0;
				PRODUCT_BUNDLE_IDENTIFIER = com.iremsever.APIExplorer;
				PRODUCT_NAME = "$(TARGET_NAME)";
				STRING_CATALOG_GENERATE_SYMBOLS = YES;
				SUPPORTED_PLATFORMS = "iphoneos iphonesimulator";
				SUPPORTS_MACCATALYST = NO;
				SUPPORTS_MAC_DESIGNED_FOR_IPHONE_IPAD = NO;
				SUPPORTS_XR_DESIGNED_FOR_IPHONE_IPAD = NO;
				SWIFT_APPROACHABLE_CONCURRENCY = YES;
				SWIFT_DEFAULT_ACTOR_ISOLATION = MainActor;
				SWIFT_EMIT_LOC_STRINGS = YES;
				SWIFT_UPCOMING_FEATURE_MEMBER_IMPORT_VISIBILITY = YES;
				SWIFT_VERSION = 5.0;
				TARGETED_DEVICE_FAMILY = 1;
			};
			name = Release;
		};
		617A8AB42EAE5B6200CA9CEA /* Debug */ = {
			isa = XCBuildConfiguration;
			buildSettings = {
				BUNDLE_LOADER = "$(TEST_HOST)";
				CODE_SIGN_STYLE = Automatic;
				CURRENT_PROJECT_VERSION = 1;
				GENERATE_INFOPLIST_FILE = YES;
				IPHONEOS_DEPLOYMENT_TARGET = 17.0;
				MARKETING_VERSION = 1.0;
				PRODUCT_BUNDLE_IDENTIFIER = com.iremsever.APIExplorerTests;
				PRODUCT_NAME = "$(TARGET_NAME)";
				STRING_CATALOG_GENERATE_SYMBOLS = NO;
				SUPPORTED_PLATFORMS = "iphoneos iphonesimulator";
				SUPPORTS_MACCATALYST = NO;
				SUPPORTS_MAC_DESIGNED_FOR_IPHONE_IPAD = NO;
				SUPPORTS_XR_DESIGNED_FOR_IPHONE_IPAD = NO;
				SWIFT_APPROACHABLE_CONCURRENCY = YES;
				SWIFT_EMIT_LOC_STRINGS = NO;
				SWIFT_UPCOMING_FEATURE_MEMBER_IMPORT_VISIBILITY = YES;
				SWIFT_VERSION = 5.0;
				TARGETED_DEVICE_FAMILY = 1;
				TEST_HOST = "$(BUILT_PRODUCTS_DIR)/APIExplorer.app/$(BUNDLE_EXECUTABLE_FOLDER_PATH)/APIExplorer";
			};
			name = Debug;
		};
		617A8AB52EAE5B6200CA9CEA /* Release */ = {
			isa = XCBuildConfiguration;
			buildSettings = {
				BUNDLE_LOADER = "$(TEST_HOST)";
				CODE_SIGN_STYLE = Automatic;
				CURRENT_PROJECT_VERSION = 1;
				GENERATE_INFOPLIST_FILE = YES;
				IPHONEOS_DEPLOYMENT_TARGET = 17.0;
				MARKETING_VERSION = 1.0;
				PRODUCT_BUNDLE_IDENTIFIER = com.iremsever.APIExplorerTests;
				PRODUCT_NAME = "$(TARGET_NAME)";
				STRING_CATALOG_GENERATE_SYMBOLS = NO;
				SUPPORTED_PLATFORMS = "iphoneos iphonesimulator";
				SUPPORTS_MACCATALYST = NO;
				SUPPORTS_MAC_DESIGNED_FOR_IPHONE_IPAD = NO;
				SUPPORTS_XR_DESIGNED_FOR_IPHONE_IPAD = NO;
				SWIFT_APPROACHABLE_CONCURRENCY = YES;
				SWIFT_EMIT_LOC_STRINGS = NO;
				SWIFT_UPCOMING_FEATURE_MEMBER_IMPORT_VISIBILITY = YES;
				SWIFT_VERSION = 5.0;
				TARGETED_DEVICE_FAMILY = 1;
				TEST_HOST = "$(BUILT_PRODUCTS_DIR)/APIExplorer.app/$(BUNDLE_EXECUTABLE_FOLDER_PATH)/APIExplorer";
			};
			name = Release;
		};
		617A8AB72EAE5B6200CA9CEA /* Debug */ = {
			isa = XCBuildConfiguration;
			buildSettings = {
				CODE_SIGN_STYLE = Automatic;
				CURRENT_PROJECT_VERSION = 1;
				GENERATE_INFOPLIST_FILE = YES;
				IPHONEOS_DEPLOYMENT_TARGET = 17.0;
				MARKETING_VERSION = 1.0;
				PRODUCT_BUNDLE_IDENTIFIER = com.iremsever.APIExplorerUITests;
				PRODUCT_NAME = "$(TARGET_NAME)";
				STRING_CATALOG_GENERATE_SYMBOLS = NO;
				SUPPORTED_PLATFORMS = "iphoneos iphonesimulator";
				SUPPORTS_MACCATALYST = NO;
				SUPPORTS_MAC_DESIGNED_FOR_IPHONE_IPAD = NO;
				SUPPORTS_XR_DESIGNED_FOR_IPHONE_IPAD = NO;
				SWIFT_APPROACHABLE_CONCURRENCY = YES;
				SWIFT_EMIT_LOC_STRINGS = NO;
				SWIFT_UPCOMING_FEATURE_MEMBER_IMPORT_VISIBILITY = YES;
				SWIFT_VERSION = 5.0;
				TARGETED_DEVICE_FAMILY = 1;
				TEST_TARGET_NAME = APIExplorer;
			};
			name = Debug;
		};
		617A8AB82EAE5B6200CA9CEA /* Release */ = {
			isa = XCBuildConfiguration;
			buildSettings = {
				CODE_SIGN_STYLE = Automatic;
				CURRENT_PROJECT_VERSION = 1;
				GENERATE_INFOPLIST_FILE = YES;
				IPHONEOS_DEPLOYMENT_TARGET = 17.0;
				MARKETING_VERSION = 1.0;
				PRODUCT_BUNDLE_IDENTIFIER = com.iremsever.APIExplorerUITests;
				PRODUCT_NAME = "$(TARGET_NAME)";
				STRING_CATALOG_GENERATE_SYMBOLS = NO;
				SUPPORTED_PLATFORMS = "iphoneos iphonesimulator";
				SUPPORTS_MACCATALYST = NO;
				SUPPORTS_MAC_DESIGNED_FOR_IPHONE_IPAD = NO;
				SUPPORTS_XR_DESIGNED_FOR_IPHONE_IPAD = NO;
				SWIFT_APPROACHABLE_CONCURRENCY = YES;
				SWIFT_EMIT_LOC_STRINGS = NO;
				SWIFT_UPCOMING_FEATURE_MEMBER_IMPORT_VISIBILITY = YES;
				SWIFT_VERSION = 5.0;
				TARGETED_DEVICE_FAMILY = 1;
				TEST_TARGET_NAME = APIExplorer;
			};
			name = Release;
		};
		61A8D02D2EAC1694009C65B5 /* Debug */ = {
			isa = XCBuildConfiguration;
			buildSettings = {
				ASSETCATALOG_COMPILER_APPICON_NAME = AppIcon;
				ASSETCATALOG_COMPILER_GLOBAL_ACCENT_COLOR_NAME = AccentColor;
				CODE_SIGN_STYLE = Automatic;
				CURRENT_PROJECT_VERSION = 1;
				ENABLE_PREVIEWS = YES;
				GENERATE_INFOPLIST_FILE = YES;
				INFOPLIST_KEY_UIApplicationSceneManifest_Generation = YES;
				INFOPLIST_KEY_UIApplicationSupportsIndirectInputEvents = YES;
				INFOPLIST_KEY_UILaunchScreen_Generation = YES;
				INFOPLIST_KEY_UISupportedInterfaceOrientations = UIInterfaceOrientationPortrait;
				INFOPLIST_KEY_UISupportedInterfaceOrientations_iPad = "UIInterfaceOrientationLandscapeLeft UIInterfaceOrientationLandscapeRight UIInterfaceOrientationPortrait UIInterfaceOrientationPortraitUpsideDown";
				IPHONEOS_DEPLOYMENT_TARGET = 26.0;
				LD_RUNPATH_SEARCH_PATHS = (
					"$(inherited)",
					"@executable_path/Frameworks",
				);
				MARKETING_VERSION = 1.0;
				PRODUCT_BUNDLE_IDENTIFIER = com.iremsever.CRUD;
				PRODUCT_NAME = "$(TARGET_NAME)";
				STRING_CATALOG_GENERATE_SYMBOLS = YES;
				SUPPORTED_PLATFORMS = "iphoneos iphonesimulator";
				SUPPORTS_MACCATALYST = NO;
				SUPPORTS_MAC_DESIGNED_FOR_IPHONE_IPAD = NO;
				SUPPORTS_XR_DESIGNED_FOR_IPHONE_IPAD = NO;
				SWIFT_APPROACHABLE_CONCURRENCY = YES;
				SWIFT_DEFAULT_ACTOR_ISOLATION = MainActor;
				SWIFT_EMIT_LOC_STRINGS = YES;
				SWIFT_UPCOMING_FEATURE_MEMBER_IMPORT_VISIBILITY = YES;
				SWIFT_VERSION = 5.0;
				TARGETED_DEVICE_FAMILY = 1;
			};
			name = Debug;
		};
		61A8D02E2EAC1694009C65B5 /* Release */ = {
			isa = XCBuildConfiguration;
			buildSettings = {
				ASSETCATALOG_COMPILER_APPICON_NAME = AppIcon;
				ASSETCATALOG_COMPILER_GLOBAL_ACCENT_COLOR_NAME = AccentColor;
				CODE_SIGN_STYLE = Automatic;
				CURRENT_PROJECT_VERSION = 1;
				ENABLE_PREVIEWS = YES;
				GENERATE_INFOPLIST_FILE = YES;
				INFOPLIST_KEY_UIApplicationSceneManifest_Generation = YES;
				INFOPLIST_KEY_UIApplicationSupportsIndirectInputEvents = YES;
				INFOPLIST_KEY_UILaunchScreen_Generation = YES;
				INFOPLIST_KEY_UISupportedInterfaceOrientations = UIInterfaceOrientationPortrait;
				INFOPLIST_KEY_UISupportedInterfaceOrientations_iPad = "UIInterfaceOrientationLandscapeLeft UIInterfaceOrientationLandscapeRight UIInterfaceOrientationPortrait UIInterfaceOrientationPortraitUpsideDown";
				IPHONEOS_DEPLOYMENT_TARGET = 26.0;
				LD_RUNPATH_SEARCH_PATHS = (
					"$(inherited)",
					"@executable_path/Frameworks",
				);
				MARKETING_VERSION = 1.0;
				PRODUCT_BUNDLE_IDENTIFIER = com.iremsever.CRUD;
				PRODUCT_NAME = "$(TARGET_NAME)";
				STRING_CATALOG_GENERATE_SYMBOLS = YES;
				SUPPORTED_PLATFORMS = "iphoneos iphonesimulator";
				SUPPORTS_MACCATALYST = NO;
				SUPPORTS_MAC_DESIGNED_FOR_IPHONE_IPAD = NO;
				SUPPORTS_XR_DESIGNED_FOR_IPHONE_IPAD = NO;
				SWIFT_APPROACHABLE_CONCURRENCY = YES;
				SWIFT_DEFAULT_ACTOR_ISOLATION = MainActor;
				SWIFT_EMIT_LOC_STRINGS = YES;
				SWIFT_UPCOMING_FEATURE_MEMBER_IMPORT_VISIBILITY = YES;
				SWIFT_VERSION = 5.0;
				TARGETED_DEVICE_FAMILY = 1;
			};
			name = Release;
		};
		61D635432E9C0A0100889B5D /* Debug */ = {
			isa = XCBuildConfiguration;
			buildSettings = {
				ASSETCATALOG_COMPILER_APPICON_NAME = AppIcon;
				ASSETCATALOG_COMPILER_GLOBAL_ACCENT_COLOR_NAME = AccentColor;
				CODE_SIGN_STYLE = Automatic;
				CURRENT_PROJECT_VERSION = 1;
				ENABLE_PREVIEWS = YES;
				GENERATE_INFOPLIST_FILE = YES;
				INFOPLIST_KEY_UIApplicationSceneManifest_Generation = YES;
				INFOPLIST_KEY_UIApplicationSupportsIndirectInputEvents = YES;
				INFOPLIST_KEY_UILaunchScreen_Generation = YES;
				INFOPLIST_KEY_UISupportedInterfaceOrientations = UIInterfaceOrientationPortrait;
				IPHONEOS_DEPLOYMENT_TARGET = 26.0;
				LD_RUNPATH_SEARCH_PATHS = (
					"$(inherited)",
					"@executable_path/Frameworks",
				);
				MARKETING_VERSION = 1.0;
				PRODUCT_BUNDLE_IDENTIFIER = com.iremsever.TaskFlowApp;
				PRODUCT_NAME = "$(TARGET_NAME)";
				STRING_CATALOG_GENERATE_SYMBOLS = YES;
				SUPPORTED_PLATFORMS = "iphoneos iphonesimulator";
				SUPPORTS_MACCATALYST = NO;
				SUPPORTS_MAC_DESIGNED_FOR_IPHONE_IPAD = NO;
				SUPPORTS_XR_DESIGNED_FOR_IPHONE_IPAD = NO;
				SWIFT_APPROACHABLE_CONCURRENCY = YES;
				SWIFT_DEFAULT_ACTOR_ISOLATION = MainActor;
				SWIFT_EMIT_LOC_STRINGS = YES;
				SWIFT_UPCOMING_FEATURE_MEMBER_IMPORT_VISIBILITY = YES;
				SWIFT_VERSION = 5.0;
				TARGETED_DEVICE_FAMILY = 1;
			};
			name = Debug;
		};
		61D635442E9C0A0100889B5D /* Release */ = {
			isa = XCBuildConfiguration;
			buildSettings = {
				ASSETCATALOG_COMPILER_APPICON_NAME = AppIcon;
				ASSETCATALOG_COMPILER_GLOBAL_ACCENT_COLOR_NAME = AccentColor;
				CODE_SIGN_STYLE = Automatic;
				CURRENT_PROJECT_VERSION = 1;
				ENABLE_PREVIEWS = YES;
				GENERATE_INFOPLIST_FILE = YES;
				INFOPLIST_KEY_UIApplicationSceneManifest_Generation = YES;
				INFOPLIST_KEY_UIApplicationSupportsIndirectInputEvents = YES;
				INFOPLIST_KEY_UILaunchScreen_Generation = YES;
				INFOPLIST_KEY_UISupportedInterfaceOrientations = UIInterfaceOrientationPortrait;
				IPHONEOS_DEPLOYMENT_TARGET = 26.0;
				LD_RUNPATH_SEARCH_PATHS = (
					"$(inherited)",
					"@executable_path/Frameworks",
				);
				MARKETING_VERSION = 1.0;
				PRODUCT_BUNDLE_IDENTIFIER = com.iremsever.TaskFlowApp;
				PRODUCT_NAME = "$(TARGET_NAME)";
				STRING_CATALOG_GENERATE_SYMBOLS = YES;
				SUPPORTED_PLATFORMS = "iphoneos iphonesimulator";
				SUPPORTS_MACCATALYST = NO;
				SUPPORTS_MAC_DESIGNED_FOR_IPHONE_IPAD = NO;
				SUPPORTS_XR_DESIGNED_FOR_IPHONE_IPAD = NO;
				SWIFT_APPROACHABLE_CONCURRENCY = YES;
				SWIFT_DEFAULT_ACTOR_ISOLATION = MainActor;
				SWIFT_EMIT_LOC_STRINGS = YES;
				SWIFT_UPCOMING_FEATURE_MEMBER_IMPORT_VISIBILITY = YES;
				SWIFT_VERSION = 5.0;
				TARGETED_DEVICE_FAMILY = 1;
			};
			name = Release;
		};
		61EF5FC12E57AC3B003107A0 /* Debug */ = {
			isa = XCBuildConfiguration;
			buildSettings = {
				ALWAYS_SEARCH_USER_PATHS = NO;
				ASSETCATALOG_COMPILER_GENERATE_SWIFT_ASSET_SYMBOL_EXTENSIONS = YES;
				CLANG_ANALYZER_NONNULL = YES;
				CLANG_ANALYZER_NUMBER_OBJECT_CONVERSION = YES_AGGRESSIVE;
				CLANG_CXX_LANGUAGE_STANDARD = "gnu++20";
				CLANG_ENABLE_MODULES = YES;
				CLANG_ENABLE_OBJC_ARC = YES;
				CLANG_ENABLE_OBJC_WEAK = YES;
				CLANG_WARN_BLOCK_CAPTURE_AUTORELEASING = YES;
				CLANG_WARN_BOOL_CONVERSION = YES;
				CLANG_WARN_COMMA = YES;
				CLANG_WARN_CONSTANT_CONVERSION = YES;
				CLANG_WARN_DEPRECATED_OBJC_IMPLEMENTATIONS = YES;
				CLANG_WARN_DIRECT_OBJC_ISA_USAGE = YES_ERROR;
				CLANG_WARN_DOCUMENTATION_COMMENTS = YES;
				CLANG_WARN_EMPTY_BODY = YES;
				CLANG_WARN_ENUM_CONVERSION = YES;
				CLANG_WARN_INFINITE_RECURSION = YES;
				CLANG_WARN_INT_CONVERSION = YES;
				CLANG_WARN_NON_LITERAL_NULL_CONVERSION = YES;
				CLANG_WARN_OBJC_IMPLICIT_RETAIN_SELF = YES;
				CLANG_WARN_OBJC_LITERAL_CONVERSION = YES;
				CLANG_WARN_OBJC_ROOT_CLASS = YES_ERROR;
				CLANG_WARN_QUOTED_INCLUDE_IN_FRAMEWORK_HEADER = YES;
				CLANG_WARN_RANGE_LOOP_ANALYSIS = YES;
				CLANG_WARN_STRICT_PROTOTYPES = YES;
				CLANG_WARN_SUSPICIOUS_MOVE = YES;
				CLANG_WARN_UNGUARDED_AVAILABILITY = YES_AGGRESSIVE;
				CLANG_WARN_UNREACHABLE_CODE = YES;
				CLANG_WARN__DUPLICATE_METHOD_MATCH = YES;
				COPY_PHASE_STRIP = NO;
				DEBUG_INFORMATION_FORMAT = dwarf;
				ENABLE_STRICT_OBJC_MSGSEND = YES;
				ENABLE_TESTABILITY = YES;
				ENABLE_USER_SCRIPT_SANDBOXING = YES;
				GCC_C_LANGUAGE_STANDARD = gnu17;
				GCC_DYNAMIC_NO_PIC = NO;
				GCC_NO_COMMON_BLOCKS = YES;
				GCC_OPTIMIZATION_LEVEL = 0;
				GCC_PREPROCESSOR_DEFINITIONS = (
					"DEBUG=1",
					"$(inherited)",
				);
				GCC_WARN_64_TO_32_BIT_CONVERSION = YES;
				GCC_WARN_ABOUT_RETURN_TYPE = YES_ERROR;
				GCC_WARN_UNDECLARED_SELECTOR = YES;
				GCC_WARN_UNINITIALIZED_AUTOS = YES_AGGRESSIVE;
				GCC_WARN_UNUSED_FUNCTION = YES;
				GCC_WARN_UNUSED_VARIABLE = YES;
				IPHONEOS_DEPLOYMENT_TARGET = 18.5;
				LOCALIZATION_PREFERS_STRING_CATALOGS = YES;
				MTL_ENABLE_DEBUG_INFO = INCLUDE_SOURCE;
				MTL_FAST_MATH = YES;
				ONLY_ACTIVE_ARCH = YES;
				SDKROOT = iphoneos;
				SWIFT_ACTIVE_COMPILATION_CONDITIONS = "DEBUG $(inherited)";
				SWIFT_OPTIMIZATION_LEVEL = "-Onone";
			};
			name = Debug;
		};
		61EF5FC22E57AC3B003107A0 /* Release */ = {
			isa = XCBuildConfiguration;
			buildSettings = {
				ALWAYS_SEARCH_USER_PATHS = NO;
				ASSETCATALOG_COMPILER_GENERATE_SWIFT_ASSET_SYMBOL_EXTENSIONS = YES;
				CLANG_ANALYZER_NONNULL = YES;
				CLANG_ANALYZER_NUMBER_OBJECT_CONVERSION = YES_AGGRESSIVE;
				CLANG_CXX_LANGUAGE_STANDARD = "gnu++20";
				CLANG_ENABLE_MODULES = YES;
				CLANG_ENABLE_OBJC_ARC = YES;
				CLANG_ENABLE_OBJC_WEAK = YES;
				CLANG_WARN_BLOCK_CAPTURE_AUTORELEASING = YES;
				CLANG_WARN_BOOL_CONVERSION = YES;
				CLANG_WARN_COMMA = YES;
				CLANG_WARN_CONSTANT_CONVERSION = YES;
				CLANG_WARN_DEPRECATED_OBJC_IMPLEMENTATIONS = YES;
				CLANG_WARN_DIRECT_OBJC_ISA_USAGE = YES_ERROR;
				CLANG_WARN_DOCUMENTATION_COMMENTS = YES;
				CLANG_WARN_EMPTY_BODY = YES;
				CLANG_WARN_ENUM_CONVERSION = YES;
				CLANG_WARN_INFINITE_RECURSION = YES;
				CLANG_WARN_INT_CONVERSION = YES;
				CLANG_WARN_NON_LITERAL_NULL_CONVERSION = YES;
				CLANG_WARN_OBJC_IMPLICIT_RETAIN_SELF = YES;
				CLANG_WARN_OBJC_LITERAL_CONVERSION = YES;
				CLANG_WARN_OBJC_ROOT_CLASS = YES_ERROR;
				CLANG_WARN_QUOTED_INCLUDE_IN_FRAMEWORK_HEADER = YES;
				CLANG_WARN_RANGE_LOOP_ANALYSIS = YES;
				CLANG_WARN_STRICT_PROTOTYPES = YES;
				CLANG_WARN_SUSPICIOUS_MOVE = YES;
				CLANG_WARN_UNGUARDED_AVAILABILITY = YES_AGGRESSIVE;
				CLANG_WARN_UNREACHABLE_CODE = YES;
				CLANG_WARN__DUPLICATE_METHOD_MATCH = YES;
				COPY_PHASE_STRIP = NO;
				DEBUG_INFORMATION_FORMAT = "dwarf-with-dsym";
				ENABLE_NS_ASSERTIONS = NO;
				ENABLE_STRICT_OBJC_MSGSEND = YES;
				ENABLE_USER_SCRIPT_SANDBOXING = YES;
				GCC_C_LANGUAGE_STANDARD = gnu17;
				GCC_NO_COMMON_BLOCKS = YES;
				GCC_WARN_64_TO_32_BIT_CONVERSION = YES;
				GCC_WARN_ABOUT_RETURN_TYPE = YES_ERROR;
				GCC_WARN_UNDECLARED_SELECTOR = YES;
				GCC_WARN_UNINITIALIZED_AUTOS = YES_AGGRESSIVE;
				GCC_WARN_UNUSED_FUNCTION = YES;
				GCC_WARN_UNUSED_VARIABLE = YES;
				IPHONEOS_DEPLOYMENT_TARGET = 18.5;
				LOCALIZATION_PREFERS_STRING_CATALOGS = YES;
				MTL_ENABLE_DEBUG_INFO = NO;
				MTL_FAST_MATH = YES;
				SDKROOT = iphoneos;
				SWIFT_COMPILATION_MODE = wholemodule;
				VALIDATE_PRODUCT = YES;
			};
			name = Release;
		};
		61EF5FC42E57AC3B003107A0 /* Debug */ = {
			isa = XCBuildConfiguration;
			buildSettings = {
				ASSETCATALOG_COMPILER_APPICON_NAME = AppIcon;
				ASSETCATALOG_COMPILER_GLOBAL_ACCENT_COLOR_NAME = AccentColor;
				CODE_SIGN_STYLE = Automatic;
				CURRENT_PROJECT_VERSION = 1;
				ENABLE_PREVIEWS = YES;
				GENERATE_INFOPLIST_FILE = YES;
				INFOPLIST_KEY_UIApplicationSceneManifest_Generation = YES;
				INFOPLIST_KEY_UIApplicationSupportsIndirectInputEvents = YES;
				INFOPLIST_KEY_UILaunchScreen_Generation = YES;
				INFOPLIST_KEY_UISupportedInterfaceOrientations = UIInterfaceOrientationPortrait;
				LD_RUNPATH_SEARCH_PATHS = (
					"$(inherited)",
					"@executable_path/Frameworks",
				);
				MARKETING_VERSION = 1.0;
				PRODUCT_BUNDLE_IDENTIFIER = "com.iremsever.Modern-SwiftUI-Bootcamp";
				PRODUCT_NAME = "$(TARGET_NAME)";
				SUPPORTED_PLATFORMS = "iphoneos iphonesimulator";
				SUPPORTS_MACCATALYST = NO;
				SUPPORTS_MAC_DESIGNED_FOR_IPHONE_IPAD = NO;
				SUPPORTS_XR_DESIGNED_FOR_IPHONE_IPAD = NO;
				SWIFT_EMIT_LOC_STRINGS = YES;
				SWIFT_VERSION = 5.0;
				TARGETED_DEVICE_FAMILY = 1;
			};
			name = Debug;
		};
		61EF5FC52E57AC3B003107A0 /* Release */ = {
			isa = XCBuildConfiguration;
			buildSettings = {
				ASSETCATALOG_COMPILER_APPICON_NAME = AppIcon;
				ASSETCATALOG_COMPILER_GLOBAL_ACCENT_COLOR_NAME = AccentColor;
				CODE_SIGN_STYLE = Automatic;
				CURRENT_PROJECT_VERSION = 1;
				ENABLE_PREVIEWS = YES;
				GENERATE_INFOPLIST_FILE = YES;
				INFOPLIST_KEY_UIApplicationSceneManifest_Generation = YES;
				INFOPLIST_KEY_UIApplicationSupportsIndirectInputEvents = YES;
				INFOPLIST_KEY_UILaunchScreen_Generation = YES;
				INFOPLIST_KEY_UISupportedInterfaceOrientations = UIInterfaceOrientationPortrait;
				LD_RUNPATH_SEARCH_PATHS = (
					"$(inherited)",
					"@executable_path/Frameworks",
				);
				MARKETING_VERSION = 1.0;
				PRODUCT_BUNDLE_IDENTIFIER = "com.iremsever.Modern-SwiftUI-Bootcamp";
				PRODUCT_NAME = "$(TARGET_NAME)";
				SUPPORTED_PLATFORMS = "iphoneos iphonesimulator";
				SUPPORTS_MACCATALYST = NO;
				SUPPORTS_MAC_DESIGNED_FOR_IPHONE_IPAD = NO;
				SUPPORTS_XR_DESIGNED_FOR_IPHONE_IPAD = NO;
				SWIFT_EMIT_LOC_STRINGS = YES;
				SWIFT_VERSION = 5.0;
				TARGETED_DEVICE_FAMILY = 1;
			};
			name = Release;
		};
/* End XCBuildConfiguration section */

/* Begin XCConfigurationList section */
		611E8FF72EA02FA600B3A598 /* Build configuration list for PBXNativeTarget "EventFlow" */ = {
			isa = XCConfigurationList;
			buildConfigurations = (
				611E8FF52EA02FA600B3A598 /* Debug */,
				611E8FF62EA02FA600B3A598 /* Release */,
			);
			defaultConfigurationIsVisible = 0;
			defaultConfigurationName = Release;
		};
		613C7BC82E6488750043B316 /* Build configuration list for PBXNativeTarget "MasterListApp" */ = {
			isa = XCConfigurationList;
			buildConfigurations = (
				613C7BC92E6488750043B316 /* Debug */,
				613C7BCA2E6488750043B316 /* Release */,
			);
			defaultConfigurationIsVisible = 0;
			defaultConfigurationName = Release;
		};
		617A8A542EAD041700CA9CEA /* Build configuration list for PBXNativeTarget "Pokemon" */ = {
			isa = XCConfigurationList;
			buildConfigurations = (
				617A8A552EAD041700CA9CEA /* Debug */,
				617A8A562EAD041700CA9CEA /* Release */,
			);
			defaultConfigurationIsVisible = 0;
			defaultConfigurationName = Release;
		};
		617A8AB02EAE5B6200CA9CEA /* Build configuration list for PBXNativeTarget "APIExplorer" */ = {
			isa = XCConfigurationList;
			buildConfigurations = (
				617A8AB12EAE5B6200CA9CEA /* Debug */,
				617A8AB22EAE5B6200CA9CEA /* Release */,
			);
			defaultConfigurationIsVisible = 0;
			defaultConfigurationName = Release;
		};
		617A8AB32EAE5B6200CA9CEA /* Build configuration list for PBXNativeTarget "APIExplorerTests" */ = {
			isa = XCConfigurationList;
			buildConfigurations = (
				617A8AB42EAE5B6200CA9CEA /* Debug */,
				617A8AB52EAE5B6200CA9CEA /* Release */,
			);
			defaultConfigurationIsVisible = 0;
			defaultConfigurationName = Release;
		};
		617A8AB62EAE5B6200CA9CEA /* Build configuration list for PBXNativeTarget "APIExplorerUITests" */ = {
			isa = XCConfigurationList;
			buildConfigurations = (
				617A8AB72EAE5B6200CA9CEA /* Debug */,
				617A8AB82EAE5B6200CA9CEA /* Release */,
			);
			defaultConfigurationIsVisible = 0;
			defaultConfigurationName = Release;
		};
		61A8D02F2EAC1694009C65B5 /* Build configuration list for PBXNativeTarget "CRUD" */ = {
			isa = XCConfigurationList;
			buildConfigurations = (
				61A8D02D2EAC1694009C65B5 /* Debug */,
				61A8D02E2EAC1694009C65B5 /* Release */,
			);
			defaultConfigurationIsVisible = 0;
			defaultConfigurationName = Release;
		};
		61D635452E9C0A0100889B5D /* Build configuration list for PBXNativeTarget "TaskFlowApp" */ = {
			isa = XCConfigurationList;
			buildConfigurations = (
				61D635432E9C0A0100889B5D /* Debug */,
				61D635442E9C0A0100889B5D /* Release */,
			);
			defaultConfigurationIsVisible = 0;
			defaultConfigurationName = Release;
		};
		61EF5FB32E57AC3A003107A0 /* Build configuration list for PBXProject "Modern-SwiftUI-Bootcamp" */ = {
			isa = XCConfigurationList;
			buildConfigurations = (
				61EF5FC12E57AC3B003107A0 /* Debug */,
				61EF5FC22E57AC3B003107A0 /* Release */,
			);
			defaultConfigurationIsVisible = 0;
			defaultConfigurationName = Release;
		};
		61EF5FC32E57AC3B003107A0 /* Build configuration list for PBXNativeTarget "Modern-SwiftUI-Bootcamp" */ = {
			isa = XCConfigurationList;
			buildConfigurations = (
				61EF5FC42E57AC3B003107A0 /* Debug */,
				61EF5FC52E57AC3B003107A0 /* Release */,
			);
			defaultConfigurationIsVisible = 0;
			defaultConfigurationName = Release;
		};
/* End XCConfigurationList section */

/* Begin XCVersionGroup section */
		617A89FF2EAC216B00CA9CEA /* CRUD.xcdatamodeld */ = {
			isa = XCVersionGroup;
			children = (
				617A8A092EAC216B00CA9CEA /* CRUD.xcdatamodel */,
			);
			currentVersion = 617A8A092EAC216B00CA9CEA /* CRUD.xcdatamodel */;
			path = CRUD.xcdatamodeld;
			sourceTree = "<group>";
			versionGroupType = wrapper.xcdatamodel;
		};
/* End XCVersionGroup section */
	};
	rootObject = 61EF5FB02E57AC3A003107A0 /* Project object */;
}
